// !$*UTF8*$!
{
	archiveVersion = 1;
	classes = {
	};
	objectVersion = 52;
	objects = {

/* Begin PBXBuildFile section */
		4C03878C2724A7C8002DD382 /* Builder+Variable.swift in Sources */ = {isa = PBXBuildFile; fileRef = 4C03878B2724A7C8002DD382 /* Builder+Variable.swift */; };
		4C147A8E25B55C7E000DC2FC /* APIError.swift in Sources */ = {isa = PBXBuildFile; fileRef = 4C147A8D25B55C7E000DC2FC /* APIError.swift */; };
		4C1F571E25CE344600B6086F /* Dismissible.swift in Sources */ = {isa = PBXBuildFile; fileRef = 4C1F571D25CE344600B6086F /* Dismissible.swift */; };
		4C1F921826E94BFE0075A5F4 /* ButtonView+Styles.swift in Sources */ = {isa = PBXBuildFile; fileRef = 4C1F921726E94BFE0075A5F4 /* ButtonView+Styles.swift */; };
		4C1F921A26E94C140075A5F4 /* LabelView+Styles.swift in Sources */ = {isa = PBXBuildFile; fileRef = 4C1F921926E94C140075A5F4 /* LabelView+Styles.swift */; };
		4C1FB28C25E3F5CC0040053A /* MainViewModelSpec.swift in Sources */ = {isa = PBXBuildFile; fileRef = 4C1FB28B25E3F5CC0040053A /* MainViewModelSpec.swift */; };
		4C249B1025C5CE5900EAA1E9 /* DetailViewModel.swift in Sources */ = {isa = PBXBuildFile; fileRef = 4C249B0F25C5CE5900EAA1E9 /* DetailViewModel.swift */; };
		4C249B1825C5CEE500EAA1E9 /* _Details+Injection.swift in Sources */ = {isa = PBXBuildFile; fileRef = 4C249B1725C5CEE500EAA1E9 /* _Details+Injection.swift */; };
		4C249B6825C656AF00EAA1E9 /* Builder+ZStack.swift in Sources */ = {isa = PBXBuildFile; fileRef = 4C249B6725C656AF00EAA1E9 /* Builder+ZStack.swift */; };
		4C2A0D7A268F65C800BF86ED /* Builder+With.swift in Sources */ = {isa = PBXBuildFile; fileRef = 4C2A0D79268F65C800BF86ED /* Builder+With.swift */; };
		4C2A0D7C268F916D00BF86ED /* Builder+TableView.swift in Sources */ = {isa = PBXBuildFile; fileRef = 4C2A0D7B268F916D00BF86ED /* Builder+TableView.swift */; };
		4C2D811A25E4087B00E2EBD7 /* Resolver in Frameworks */ = {isa = PBXBuildFile; productRef = 4C2D811925E4087B00E2EBD7 /* Resolver */; };
		4C2D812025E408B300E2EBD7 /* RxSwift in Frameworks */ = {isa = PBXBuildFile; productRef = 4C2D811F25E408B300E2EBD7 /* RxSwift */; };
		4C2D812425E408B300E2EBD7 /* RxRelay in Frameworks */ = {isa = PBXBuildFile; productRef = 4C2D812325E408B300E2EBD7 /* RxRelay */; };
		4C2D812625E408B300E2EBD7 /* RxCocoa in Frameworks */ = {isa = PBXBuildFile; productRef = 4C2D812525E408B300E2EBD7 /* RxCocoa */; };
		4C3BF53E2764134700E9EA68 /* ContactFormViewController.swift in Sources */ = {isa = PBXBuildFile; fileRef = 4C3BF53D2764134700E9EA68 /* ContactFormViewController.swift */; };
		4C3BF5402764136400E9EA68 /* ContactFormViewModel.swift in Sources */ = {isa = PBXBuildFile; fileRef = 4C3BF53F2764136400E9EA68 /* ContactFormViewModel.swift */; };
		4C3BF5422766962D00E9EA68 /* FormField.swift in Sources */ = {isa = PBXBuildFile; fileRef = 4C3BF5412766962D00E9EA68 /* FormField.swift */; };
		4C3BF544276696B000E9EA68 /* FormFieldManager.swift in Sources */ = {isa = PBXBuildFile; fileRef = 4C3BF543276696B000E9EA68 /* FormFieldManager.swift */; };
		4C3D9C2D27556081007CE720 /* Builder+Styles.swift in Sources */ = {isa = PBXBuildFile; fileRef = 4C3D9C2C27556081007CE720 /* Builder+Styles.swift */; };
		4C40B2B226E2E07100598D9E /* Builder+Constraints.swift in Sources */ = {isa = PBXBuildFile; fileRef = 4C40B2B126E2E07100598D9E /* Builder+Constraints.swift */; };
		4C40B2B426E4212700598D9E /* Builder+Context.swift in Sources */ = {isa = PBXBuildFile; fileRef = 4C40B2B326E4212700598D9E /* Builder+Context.swift */; };
		4C47033226CB17EE006B6DEC /* Builder+Padding.swift in Sources */ = {isa = PBXBuildFile; fileRef = 4C47033126CB17EE006B6DEC /* Builder+Padding.swift */; };
		4C4AD734274DEC9700EF12C6 /* Builder+Extensions.swift in Sources */ = {isa = PBXBuildFile; fileRef = 4C4AD733274DEC9700EF12C6 /* Builder+Extensions.swift */; };
		4C4AD76A274FF3AF00EF12C6 /* Builder+Controls.swift in Sources */ = {isa = PBXBuildFile; fileRef = 4C4AD769274FF3AF00EF12C6 /* Builder+Controls.swift */; };
		4C4AD76E27513CFF00EF12C6 /* Builder+ForEach.swift in Sources */ = {isa = PBXBuildFile; fileRef = 4C4AD76D27513CFF00EF12C6 /* Builder+ForEach.swift */; };
		4C4AD7702751881700EF12C6 /* UIColor+Extensions.swift in Sources */ = {isa = PBXBuildFile; fileRef = 4C4AD76F2751881700EF12C6 /* UIColor+Extensions.swift */; };
		4C4AD772275189E000EF12C6 /* TestViews.swift in Sources */ = {isa = PBXBuildFile; fileRef = 4C4AD771275189E000EF12C6 /* TestViews.swift */; };
		4C4AD7742753FAAB00EF12C6 /* Builder+Attributes.swift in Sources */ = {isa = PBXBuildFile; fileRef = 4C4AD7732753FAAB00EF12C6 /* Builder+Attributes.swift */; };
		4C4AD77627542E5300EF12C6 /* Builder+Gestures.swift in Sources */ = {isa = PBXBuildFile; fileRef = 4C4AD77527542E5300EF12C6 /* Builder+Gestures.swift */; };
		4C57859225CA2958005D42BB /* DetailViewController.swift in Sources */ = {isa = PBXBuildFile; fileRef = 4C57859125CA2958005D42BB /* DetailViewController.swift */; };
		4C57859725CAEA60005D42BB /* Rx+Extensions.swift in Sources */ = {isa = PBXBuildFile; fileRef = 4C57859625CAEA60005D42BB /* Rx+Extensions.swift */; };
		4C5FF94225E4189100E929A4 /* XCTTest+Extensions.swift in Sources */ = {isa = PBXBuildFile; fileRef = 4C5FF94125E4189100E929A4 /* XCTTest+Extensions.swift */; };
		4C65862B25E9892C0073003C /* _Networking+Injection.swift in Sources */ = {isa = PBXBuildFile; fileRef = 4C65862A25E9892C0073003C /* _Networking+Injection.swift */; };
		4C65864725E9CB8D0073003C /* SSOAuthenticationInterceptor.swift in Sources */ = {isa = PBXBuildFile; fileRef = 4C65864025E9CB360073003C /* SSOAuthenticationInterceptor.swift */; };
		4C65864825E9CB8D0073003C /* StandardHeadersInterceptor.swift in Sources */ = {isa = PBXBuildFile; fileRef = 4C65863F25E9CB270073003C /* StandardHeadersInterceptor.swift */; };
		4C65864925E9CB8D0073003C /* SessionLoggingInterceptorr.swift in Sources */ = {isa = PBXBuildFile; fileRef = 4C65863E25E9CAFD0073003C /* SessionLoggingInterceptorr.swift */; };
		4C65864E25EC3A6C0073003C /* Resolver+XCTest.swift in Sources */ = {isa = PBXBuildFile; fileRef = 4C65864D25EC3A6C0073003C /* Resolver+XCTest.swift */; };
		4C65865625EC3C110073003C /* UserImageCacheSpec.swift in Sources */ = {isa = PBXBuildFile; fileRef = 4C65865525EC3C110073003C /* UserImageCacheSpec.swift */; };
		4C65865B25EC3C9A0073003C /* TestExrtensionsSpec.swift in Sources */ = {isa = PBXBuildFile; fileRef = 4C65865A25EC3C9A0073003C /* TestExrtensionsSpec.swift */; };
		4C65866125ED23040073003C /* MainUsersStackView.swift in Sources */ = {isa = PBXBuildFile; fileRef = 4C65866025ED23040073003C /* MainUsersStackView.swift */; };
		4C65866725ED30800073003C /* StandardLoadingPage.swift in Sources */ = {isa = PBXBuildFile; fileRef = 4C65866625ED30800073003C /* StandardLoadingPage.swift */; };
		4C65866C25ED30A20073003C /* StandardEmptyPage.swift in Sources */ = {isa = PBXBuildFile; fileRef = 4C65866B25ED30A20073003C /* StandardEmptyPage.swift */; };
		4C65867325ED32150073003C /* StandardErrorPage.swift in Sources */ = {isa = PBXBuildFile; fileRef = 4C65866525ED30280073003C /* StandardErrorPage.swift */; };
		4C7C3FCF276A503300F697BA /* FABMenuView.swift in Sources */ = {isa = PBXBuildFile; fileRef = 4C7C3FCE276A503300F697BA /* FABMenuView.swift */; };
		4C7C3FD1276A527E00F697BA /* TabBarTest.swift in Sources */ = {isa = PBXBuildFile; fileRef = 4C7C3FD0276A527E00F697BA /* TabBarTest.swift */; };
		4C8221C626DC458A00BDD349 /* MainUsersTableView.swift in Sources */ = {isa = PBXBuildFile; fileRef = 4C8221C526DC458A00BDD349 /* MainUsersTableView.swift */; };
		4C878EDF25C38C8A004D7216 /* UserImageCache.swift in Sources */ = {isa = PBXBuildFile; fileRef = 4C878EDE25C38C8A004D7216 /* UserImageCache.swift */; };
		4C8B50AE275FA656004FFC15 /* MaxWidthTextField.swift in Sources */ = {isa = PBXBuildFile; fileRef = 4C8B50A8275FA656004FFC15 /* MaxWidthTextField.swift */; };
		4C8B50AF275FA656004FFC15 /* CurrencyTextField.swift in Sources */ = {isa = PBXBuildFile; fileRef = 4C8B50A9275FA656004FFC15 /* CurrencyTextField.swift */; };
		4C8B50B0275FA656004FFC15 /* TextFieldBehaviorAggregator.swift in Sources */ = {isa = PBXBuildFile; fileRef = 4C8B50AA275FA656004FFC15 /* TextFieldBehaviorAggregator.swift */; };
		4C8B50B1275FA656004FFC15 /* BuilderInternalTextField.swift in Sources */ = {isa = PBXBuildFile; fileRef = 4C8B50AB275FA656004FFC15 /* BuilderInternalTextField.swift */; };
		4C8B50B2275FA656004FFC15 /* MaskedTextField.swift in Sources */ = {isa = PBXBuildFile; fileRef = 4C8B50AC275FA656004FFC15 /* MaskedTextField.swift */; };
		4C8B50B3275FA656004FFC15 /* NextAccessoryView.swift in Sources */ = {isa = PBXBuildFile; fileRef = 4C8B50AD275FA656004FFC15 /* NextAccessoryView.swift */; };
		4C8B50B5275FA879004FFC15 /* String+Extensions.swift in Sources */ = {isa = PBXBuildFile; fileRef = 4C8B50B4275FA879004FFC15 /* String+Extensions.swift */; };
		4C8B50B7275FA994004FFC15 /* UIView+Extensions.swift in Sources */ = {isa = PBXBuildFile; fileRef = 4C8B50B6275FA994004FFC15 /* UIView+Extensions.swift */; };
		4C8B50B9275FAB94004FFC15 /* UITextField+Styles.swift in Sources */ = {isa = PBXBuildFile; fileRef = 4C8B50B8275FAB94004FFC15 /* UITextField+Styles.swift */; };
		4C8B50BB275FAC93004FFC15 /* MetaTextField.swift in Sources */ = {isa = PBXBuildFile; fileRef = 4C8B50BA275FAC93004FFC15 /* MetaTextField.swift */; };
		4C8B50BD275FED84004FFC15 /* TextField+Styles.swift in Sources */ = {isa = PBXBuildFile; fileRef = 4C8B50BC275FED84004FFC15 /* TextField+Styles.swift */; };
		4C9CC36525B4F078002BE06D /* AppDelegate.swift in Sources */ = {isa = PBXBuildFile; fileRef = 4C9CC36425B4F078002BE06D /* AppDelegate.swift */; };
		4C9CC36725B4F078002BE06D /* SceneDelegate.swift in Sources */ = {isa = PBXBuildFile; fileRef = 4C9CC36625B4F078002BE06D /* SceneDelegate.swift */; };
		4C9CC36925B4F078002BE06D /* MainViewController.swift in Sources */ = {isa = PBXBuildFile; fileRef = 4C9CC36825B4F078002BE06D /* MainViewController.swift */; };
		4C9CC36C25B4F078002BE06D /* Main.storyboard in Resources */ = {isa = PBXBuildFile; fileRef = 4C9CC36A25B4F078002BE06D /* Main.storyboard */; };
		4C9CC36E25B4F079002BE06D /* Assets.xcassets in Resources */ = {isa = PBXBuildFile; fileRef = 4C9CC36D25B4F079002BE06D /* Assets.xcassets */; };
		4C9CC37125B4F079002BE06D /* LaunchScreen.storyboard in Resources */ = {isa = PBXBuildFile; fileRef = 4C9CC36F25B4F079002BE06D /* LaunchScreen.storyboard */; };
		4C9CC38725B4F079002BE06D /* BuilderUITests.swift in Sources */ = {isa = PBXBuildFile; fileRef = 4C9CC38625B4F079002BE06D /* BuilderUITests.swift */; };
		4C9CC3C125B4F2D4002BE06D /* Builder+Switch.swift in Sources */ = {isa = PBXBuildFile; fileRef = 4C9CC3B325B4F2D4002BE06D /* Builder+Switch.swift */; };
		4C9CC3C225B4F2D4002BE06D /* Builder+ScrollView.swift in Sources */ = {isa = PBXBuildFile; fileRef = 4C9CC3B425B4F2D4002BE06D /* Builder+ScrollView.swift */; };
		4C9CC3C325B4F2D4002BE06D /* Builder+Divider.swift in Sources */ = {isa = PBXBuildFile; fileRef = 4C9CC3B525B4F2D4002BE06D /* Builder+Divider.swift */; };
		4C9CC3C425B4F2D4002BE06D /* Builder.swift in Sources */ = {isa = PBXBuildFile; fileRef = 4C9CC3B625B4F2D4002BE06D /* Builder.swift */; };
		4C9CC3C525B4F2D4002BE06D /* Builder+Button.swift in Sources */ = {isa = PBXBuildFile; fileRef = 4C9CC3B725B4F2D4002BE06D /* Builder+Button.swift */; };
		4C9CC3C625B4F2D4002BE06D /* Builder+Navigation.swift in Sources */ = {isa = PBXBuildFile; fileRef = 4C9CC3B825B4F2D4002BE06D /* Builder+Navigation.swift */; };
		4C9CC3C725B4F2D4002BE06D /* Builder+Spacer.swift in Sources */ = {isa = PBXBuildFile; fileRef = 4C9CC3B925B4F2D4002BE06D /* Builder+Spacer.swift */; };
		4C9CC3C825B4F2D4002BE06D /* Builder+Image.swift in Sources */ = {isa = PBXBuildFile; fileRef = 4C9CC3BA25B4F2D4002BE06D /* Builder+Image.swift */; };
		4C9CC3C925B4F2D4002BE06D /* Builder+Dynamic.swift in Sources */ = {isa = PBXBuildFile; fileRef = 4C9CC3BB25B4F2D4002BE06D /* Builder+Dynamic.swift */; };
		4C9CC3CA25B4F2D4002BE06D /* Builder+View.swift in Sources */ = {isa = PBXBuildFile; fileRef = 4C9CC3BC25B4F2D4002BE06D /* Builder+View.swift */; };
		4C9CC3CB25B4F2D4002BE06D /* Builder+Label.swift in Sources */ = {isa = PBXBuildFile; fileRef = 4C9CC3BD25B4F2D4002BE06D /* Builder+Label.swift */; };
		4C9CC3CC25B4F2D4002BE06D /* Builder+ViewController.swift in Sources */ = {isa = PBXBuildFile; fileRef = 4C9CC3BE25B4F2D4002BE06D /* Builder+ViewController.swift */; };
		4C9CC3CD25B4F2D4002BE06D /* Builder+Container.swift in Sources */ = {isa = PBXBuildFile; fileRef = 4C9CC3BF25B4F2D4002BE06D /* Builder+Container.swift */; };
		4C9CC3CE25B4F2D4002BE06D /* Builder+Stack.swift in Sources */ = {isa = PBXBuildFile; fileRef = 4C9CC3C025B4F2D4002BE06D /* Builder+Stack.swift */; };
		4C9CC3DA25B4F2DF002BE06D /* ClientRequestBuilder.swift in Sources */ = {isa = PBXBuildFile; fileRef = 4C9CC3D325B4F2DF002BE06D /* ClientRequestBuilder.swift */; };
		4C9CC3DC25B4F2DF002BE06D /* ClientRequestBuilder+RxSwift.swift in Sources */ = {isa = PBXBuildFile; fileRef = 4C9CC3D525B4F2DF002BE06D /* ClientRequestBuilder+RxSwift.swift */; };
		4C9CC3DE25B4F2DF002BE06D /* StatusErrorMappingInterceptor.swift in Sources */ = {isa = PBXBuildFile; fileRef = 4C9CC3D725B4F2DF002BE06D /* StatusErrorMappingInterceptor.swift */; };
		4C9CC3DF25B4F2DF002BE06D /* ClientSessionManager.swift in Sources */ = {isa = PBXBuildFile; fileRef = 4C9CC3D825B4F2DF002BE06D /* ClientSessionManager.swift */; };
		4C9CC3E025B4F2DF002BE06D /* URLSessionManager.swift in Sources */ = {isa = PBXBuildFile; fileRef = 4C9CC3D925B4F2DF002BE06D /* URLSessionManager.swift */; };
		4C9CC3E625B4F499002BE06D /* UIImage+Extensions.swift in Sources */ = {isa = PBXBuildFile; fileRef = 4C9CC3E525B4F499002BE06D /* UIImage+Extensions.swift */; };
		4C9CC3EC25B4F627002BE06D /* User.swift in Sources */ = {isa = PBXBuildFile; fileRef = 4C9CC3EB25B4F627002BE06D /* User.swift */; };
		4C9CC3FE25B5099D002BE06D /* UserService.swift in Sources */ = {isa = PBXBuildFile; fileRef = 4C9CC3FD25B5099D002BE06D /* UserService.swift */; };
		4C9E511D270661D600795D2F /* MockURLProtocol.swift in Sources */ = {isa = PBXBuildFile; fileRef = 4C9E511C270661D600795D2F /* MockURLProtocol.swift */; };
		4C9E511F2706C94600795D2F /* get.json in Resources */ = {isa = PBXBuildFile; fileRef = 4C9E511E2706C94600795D2F /* get.json */; };
		4C9E51212707BECD00795D2F /* get_users.json in Resources */ = {isa = PBXBuildFile; fileRef = 4C9E51202707BECD00795D2F /* get_users.json */; };
		4C9E51232708AB4200795D2F /* MockDelayInterceptor.swift in Sources */ = {isa = PBXBuildFile; fileRef = 4C9E51222708AB4200795D2F /* MockDelayInterceptor.swift */; };
		4CA19EE0273DCB0100EE7433 /* Builder+RxSwift.swift in Sources */ = {isa = PBXBuildFile; fileRef = 4CA19EDF273DCB0100EE7433 /* Builder+RxSwift.swift */; };
		4CA19EE3273E0B5D00EE7433 /* TestViewController.swift in Sources */ = {isa = PBXBuildFile; fileRef = 4CA19EE2273E0B5D00EE7433 /* TestViewController.swift */; };
		4CA19EE6273E0C8C00EE7433 /* MenuViewController.swift in Sources */ = {isa = PBXBuildFile; fileRef = 4CA19EE5273E0C8C00EE7433 /* MenuViewController.swift */; };
		4CA19EE8273E108700EE7433 /* MainStackViewController.swift in Sources */ = {isa = PBXBuildFile; fileRef = 4CA19EE7273E108700EE7433 /* MainStackViewController.swift */; };
		4CBC04CF26FBFDC600BFD8E4 /* ClientSessionManagerInterceptor.swift in Sources */ = {isa = PBXBuildFile; fileRef = 4CBC04CE26FBFDC600BFD8E4 /* ClientSessionManagerInterceptor.swift */; };
		4CC5D7A2270D1A80003137BD /* TestServices.swift in Sources */ = {isa = PBXBuildFile; fileRef = 4CC5D7A1270D1A80003137BD /* TestServices.swift */; };
		4CCB61D126C36F0C0011BD44 /* UIViewController+Extensions.swift in Sources */ = {isa = PBXBuildFile; fileRef = 4CCB61D026C36F0C0011BD44 /* UIViewController+Extensions.swift */; };
		4CD0521A25B542B50099B277 /* MainViewModel.swift in Sources */ = {isa = PBXBuildFile; fileRef = 4CD0521925B542B50099B277 /* MainViewModel.swift */; };
		4CD0521F25B5433D0099B277 /* _Application+Injection.swift in Sources */ = {isa = PBXBuildFile; fileRef = 4CD0521E25B5433D0099B277 /* _Application+Injection.swift */; };
		4CD0522425B5439E0099B277 /* _Main+Injection.swift in Sources */ = {isa = PBXBuildFile; fileRef = 4CD0522325B5439E0099B277 /* _Main+Injection.swift */; };
		4CD0522A25B544370099B277 /* _Services+Injection.swift in Sources */ = {isa = PBXBuildFile; fileRef = 4CD0522925B544370099B277 /* _Services+Injection.swift */; };
		4CD0524825B7AECC0099B277 /* DetailCardView.swift in Sources */ = {isa = PBXBuildFile; fileRef = 4CD0524725B7AECC0099B277 /* DetailCardView.swift */; };
		4CEE4D5A2695DD7E00312FD1 /* Builder+Group.swift in Sources */ = {isa = PBXBuildFile; fileRef = 4CEE4D592695DD7E00312FD1 /* Builder+Group.swift */; };
		4CF1A64326B399D800E26446 /* Functions+Extensions.swift in Sources */ = {isa = PBXBuildFile; fileRef = 4CF1A64226B399D800E26446 /* Functions+Extensions.swift */; };
		4CF9644C274B0A1500C0824C /* LoginViewController.swift in Sources */ = {isa = PBXBuildFile; fileRef = 4CF9644B274B098200C0824C /* LoginViewController.swift */; };
		4CF9644E274B0B1600C0824C /* Builder+TextField.swift in Sources */ = {isa = PBXBuildFile; fileRef = 4CF9644D274B0B1600C0824C /* Builder+TextField.swift */; };
		4CF96450274BE2CB00C0824C /* DLSCardView.swift in Sources */ = {isa = PBXBuildFile; fileRef = 4CF9644F274BE2CB00C0824C /* DLSCardView.swift */; };
		4CF96452274BE76500C0824C /* LoginViewModel.swift in Sources */ = {isa = PBXBuildFile; fileRef = 4CF96451274BE76500C0824C /* LoginViewModel.swift */; };
/* End PBXBuildFile section */

/* Begin PBXContainerItemProxy section */
		4C9CC37825B4F079002BE06D /* PBXContainerItemProxy */ = {
			isa = PBXContainerItemProxy;
			containerPortal = 4C9CC35925B4F078002BE06D /* Project object */;
			proxyType = 1;
			remoteGlobalIDString = 4C9CC36025B4F078002BE06D;
			remoteInfo = Builder;
		};
		4C9CC38325B4F079002BE06D /* PBXContainerItemProxy */ = {
			isa = PBXContainerItemProxy;
			containerPortal = 4C9CC35925B4F078002BE06D /* Project object */;
			proxyType = 1;
			remoteGlobalIDString = 4C9CC36025B4F078002BE06D;
			remoteInfo = Builder;
		};
/* End PBXContainerItemProxy section */

/* Begin PBXFileReference section */
		4C03878B2724A7C8002DD382 /* Builder+Variable.swift */ = {isa = PBXFileReference; lastKnownFileType = sourcecode.swift; path = "Builder+Variable.swift"; sourceTree = "<group>"; };
		4C147A8D25B55C7E000DC2FC /* APIError.swift */ = {isa = PBXFileReference; lastKnownFileType = sourcecode.swift; path = APIError.swift; sourceTree = "<group>"; };
		4C1F571D25CE344600B6086F /* Dismissible.swift */ = {isa = PBXFileReference; lastKnownFileType = sourcecode.swift; path = Dismissible.swift; sourceTree = "<group>"; };
		4C1F921526E820670075A5F4 /* README.md */ = {isa = PBXFileReference; lastKnownFileType = net.daringfireball.markdown; path = README.md; sourceTree = SOURCE_ROOT; };
		4C1F921726E94BFE0075A5F4 /* ButtonView+Styles.swift */ = {isa = PBXFileReference; lastKnownFileType = sourcecode.swift; path = "ButtonView+Styles.swift"; sourceTree = "<group>"; };
		4C1F921926E94C140075A5F4 /* LabelView+Styles.swift */ = {isa = PBXFileReference; lastKnownFileType = sourcecode.swift; path = "LabelView+Styles.swift"; sourceTree = "<group>"; };
		4C1FB28B25E3F5CC0040053A /* MainViewModelSpec.swift */ = {isa = PBXFileReference; lastKnownFileType = sourcecode.swift; path = MainViewModelSpec.swift; sourceTree = "<group>"; };
		4C249B0F25C5CE5900EAA1E9 /* DetailViewModel.swift */ = {isa = PBXFileReference; fileEncoding = 4; lastKnownFileType = sourcecode.swift; path = DetailViewModel.swift; sourceTree = "<group>"; };
		4C249B1725C5CEE500EAA1E9 /* _Details+Injection.swift */ = {isa = PBXFileReference; lastKnownFileType = sourcecode.swift; path = "_Details+Injection.swift"; sourceTree = "<group>"; };
		4C249B6725C656AF00EAA1E9 /* Builder+ZStack.swift */ = {isa = PBXFileReference; lastKnownFileType = sourcecode.swift; path = "Builder+ZStack.swift"; sourceTree = "<group>"; };
		4C288FB925B612DD004D54AC /* API.xcconfig */ = {isa = PBXFileReference; lastKnownFileType = text.xcconfig; path = API.xcconfig; sourceTree = "<group>"; };
		4C288FBA25B612F0004D54AC /* MOCK.xcconfig */ = {isa = PBXFileReference; lastKnownFileType = text.xcconfig; path = MOCK.xcconfig; sourceTree = "<group>"; };
		4C2A0D79268F65C800BF86ED /* Builder+With.swift */ = {isa = PBXFileReference; lastKnownFileType = sourcecode.swift; path = "Builder+With.swift"; sourceTree = "<group>"; };
		4C2A0D7B268F916D00BF86ED /* Builder+TableView.swift */ = {isa = PBXFileReference; lastKnownFileType = sourcecode.swift; path = "Builder+TableView.swift"; sourceTree = "<group>"; };
		4C3BF53D2764134700E9EA68 /* ContactFormViewController.swift */ = {isa = PBXFileReference; lastKnownFileType = sourcecode.swift; path = ContactFormViewController.swift; sourceTree = "<group>"; };
		4C3BF53F2764136400E9EA68 /* ContactFormViewModel.swift */ = {isa = PBXFileReference; lastKnownFileType = sourcecode.swift; path = ContactFormViewModel.swift; sourceTree = "<group>"; };
		4C3BF5412766962D00E9EA68 /* FormField.swift */ = {isa = PBXFileReference; lastKnownFileType = sourcecode.swift; path = FormField.swift; sourceTree = "<group>"; };
		4C3BF543276696B000E9EA68 /* FormFieldManager.swift */ = {isa = PBXFileReference; lastKnownFileType = sourcecode.swift; path = FormFieldManager.swift; sourceTree = "<group>"; };
		4C3D9C2C27556081007CE720 /* Builder+Styles.swift */ = {isa = PBXFileReference; lastKnownFileType = sourcecode.swift; path = "Builder+Styles.swift"; sourceTree = "<group>"; };
		4C40B2B126E2E07100598D9E /* Builder+Constraints.swift */ = {isa = PBXFileReference; lastKnownFileType = sourcecode.swift; path = "Builder+Constraints.swift"; sourceTree = "<group>"; };
		4C40B2B326E4212700598D9E /* Builder+Context.swift */ = {isa = PBXFileReference; lastKnownFileType = sourcecode.swift; path = "Builder+Context.swift"; sourceTree = "<group>"; };
		4C47033126CB17EE006B6DEC /* Builder+Padding.swift */ = {isa = PBXFileReference; lastKnownFileType = sourcecode.swift; path = "Builder+Padding.swift"; sourceTree = "<group>"; };
		4C4AD733274DEC9700EF12C6 /* Builder+Extensions.swift */ = {isa = PBXFileReference; lastKnownFileType = sourcecode.swift; path = "Builder+Extensions.swift"; sourceTree = "<group>"; };
		4C4AD769274FF3AF00EF12C6 /* Builder+Controls.swift */ = {isa = PBXFileReference; fileEncoding = 4; lastKnownFileType = sourcecode.swift; path = "Builder+Controls.swift"; sourceTree = "<group>"; };
		4C4AD76D27513CFF00EF12C6 /* Builder+ForEach.swift */ = {isa = PBXFileReference; fileEncoding = 4; lastKnownFileType = sourcecode.swift; path = "Builder+ForEach.swift"; sourceTree = "<group>"; };
		4C4AD76F2751881700EF12C6 /* UIColor+Extensions.swift */ = {isa = PBXFileReference; lastKnownFileType = sourcecode.swift; path = "UIColor+Extensions.swift"; sourceTree = "<group>"; };
		4C4AD771275189E000EF12C6 /* TestViews.swift */ = {isa = PBXFileReference; lastKnownFileType = sourcecode.swift; path = TestViews.swift; sourceTree = "<group>"; };
		4C4AD7732753FAAB00EF12C6 /* Builder+Attributes.swift */ = {isa = PBXFileReference; lastKnownFileType = sourcecode.swift; path = "Builder+Attributes.swift"; sourceTree = "<group>"; };
		4C4AD77527542E5300EF12C6 /* Builder+Gestures.swift */ = {isa = PBXFileReference; lastKnownFileType = sourcecode.swift; path = "Builder+Gestures.swift"; sourceTree = "<group>"; };
		4C57859125CA2958005D42BB /* DetailViewController.swift */ = {isa = PBXFileReference; fileEncoding = 4; lastKnownFileType = sourcecode.swift; path = DetailViewController.swift; sourceTree = "<group>"; };
		4C57859625CAEA60005D42BB /* Rx+Extensions.swift */ = {isa = PBXFileReference; lastKnownFileType = sourcecode.swift; path = "Rx+Extensions.swift"; sourceTree = "<group>"; };
		4C5FF94125E4189100E929A4 /* XCTTest+Extensions.swift */ = {isa = PBXFileReference; lastKnownFileType = sourcecode.swift; path = "XCTTest+Extensions.swift"; sourceTree = "<group>"; };
		4C65862A25E9892C0073003C /* _Networking+Injection.swift */ = {isa = PBXFileReference; lastKnownFileType = sourcecode.swift; path = "_Networking+Injection.swift"; sourceTree = "<group>"; };
		4C65863E25E9CAFD0073003C /* SessionLoggingInterceptorr.swift */ = {isa = PBXFileReference; lastKnownFileType = sourcecode.swift; path = SessionLoggingInterceptorr.swift; sourceTree = "<group>"; };
		4C65863F25E9CB270073003C /* StandardHeadersInterceptor.swift */ = {isa = PBXFileReference; lastKnownFileType = sourcecode.swift; path = StandardHeadersInterceptor.swift; sourceTree = "<group>"; };
		4C65864025E9CB360073003C /* SSOAuthenticationInterceptor.swift */ = {isa = PBXFileReference; lastKnownFileType = sourcecode.swift; path = SSOAuthenticationInterceptor.swift; sourceTree = "<group>"; };
		4C65864D25EC3A6C0073003C /* Resolver+XCTest.swift */ = {isa = PBXFileReference; lastKnownFileType = sourcecode.swift; path = "Resolver+XCTest.swift"; sourceTree = "<group>"; };
		4C65865525EC3C110073003C /* UserImageCacheSpec.swift */ = {isa = PBXFileReference; fileEncoding = 4; lastKnownFileType = sourcecode.swift; path = UserImageCacheSpec.swift; sourceTree = "<group>"; };
		4C65865A25EC3C9A0073003C /* TestExrtensionsSpec.swift */ = {isa = PBXFileReference; fileEncoding = 4; lastKnownFileType = sourcecode.swift; path = TestExrtensionsSpec.swift; sourceTree = "<group>"; };
		4C65866025ED23040073003C /* MainUsersStackView.swift */ = {isa = PBXFileReference; lastKnownFileType = sourcecode.swift; path = MainUsersStackView.swift; sourceTree = "<group>"; };
		4C65866525ED30280073003C /* StandardErrorPage.swift */ = {isa = PBXFileReference; lastKnownFileType = sourcecode.swift; path = StandardErrorPage.swift; sourceTree = "<group>"; };
		4C65866625ED30800073003C /* StandardLoadingPage.swift */ = {isa = PBXFileReference; fileEncoding = 4; lastKnownFileType = sourcecode.swift; path = StandardLoadingPage.swift; sourceTree = "<group>"; };
		4C65866B25ED30A20073003C /* StandardEmptyPage.swift */ = {isa = PBXFileReference; fileEncoding = 4; lastKnownFileType = sourcecode.swift; path = StandardEmptyPage.swift; sourceTree = "<group>"; };
		4C7C3FCE276A503300F697BA /* FABMenuView.swift */ = {isa = PBXFileReference; lastKnownFileType = sourcecode.swift; path = FABMenuView.swift; sourceTree = "<group>"; };
		4C7C3FD0276A527E00F697BA /* TabBarTest.swift */ = {isa = PBXFileReference; lastKnownFileType = sourcecode.swift; path = TabBarTest.swift; sourceTree = "<group>"; };
		4C8221C526DC458A00BDD349 /* MainUsersTableView.swift */ = {isa = PBXFileReference; fileEncoding = 4; lastKnownFileType = sourcecode.swift; path = MainUsersTableView.swift; sourceTree = "<group>"; };
		4C878EDE25C38C8A004D7216 /* UserImageCache.swift */ = {isa = PBXFileReference; fileEncoding = 4; lastKnownFileType = sourcecode.swift; path = UserImageCache.swift; sourceTree = "<group>"; };
		4C8B50A8275FA656004FFC15 /* MaxWidthTextField.swift */ = {isa = PBXFileReference; fileEncoding = 4; lastKnownFileType = sourcecode.swift; path = MaxWidthTextField.swift; sourceTree = "<group>"; };
		4C8B50A9275FA656004FFC15 /* CurrencyTextField.swift */ = {isa = PBXFileReference; fileEncoding = 4; lastKnownFileType = sourcecode.swift; path = CurrencyTextField.swift; sourceTree = "<group>"; };
		4C8B50AA275FA656004FFC15 /* TextFieldBehaviorAggregator.swift */ = {isa = PBXFileReference; fileEncoding = 4; lastKnownFileType = sourcecode.swift; path = TextFieldBehaviorAggregator.swift; sourceTree = "<group>"; };
		4C8B50AB275FA656004FFC15 /* BuilderInternalTextField.swift */ = {isa = PBXFileReference; fileEncoding = 4; lastKnownFileType = sourcecode.swift; path = BuilderInternalTextField.swift; sourceTree = "<group>"; };
		4C8B50AC275FA656004FFC15 /* MaskedTextField.swift */ = {isa = PBXFileReference; fileEncoding = 4; lastKnownFileType = sourcecode.swift; path = MaskedTextField.swift; sourceTree = "<group>"; };
		4C8B50AD275FA656004FFC15 /* NextAccessoryView.swift */ = {isa = PBXFileReference; fileEncoding = 4; lastKnownFileType = sourcecode.swift; path = NextAccessoryView.swift; sourceTree = "<group>"; };
		4C8B50B4275FA879004FFC15 /* String+Extensions.swift */ = {isa = PBXFileReference; fileEncoding = 4; lastKnownFileType = sourcecode.swift; path = "String+Extensions.swift"; sourceTree = "<group>"; };
		4C8B50B6275FA994004FFC15 /* UIView+Extensions.swift */ = {isa = PBXFileReference; lastKnownFileType = sourcecode.swift; path = "UIView+Extensions.swift"; sourceTree = "<group>"; };
		4C8B50B8275FAB94004FFC15 /* UITextField+Styles.swift */ = {isa = PBXFileReference; fileEncoding = 4; lastKnownFileType = sourcecode.swift; path = "UITextField+Styles.swift"; sourceTree = "<group>"; };
		4C8B50BA275FAC93004FFC15 /* MetaTextField.swift */ = {isa = PBXFileReference; lastKnownFileType = sourcecode.swift; path = MetaTextField.swift; sourceTree = "<group>"; };
		4C8B50BC275FED84004FFC15 /* TextField+Styles.swift */ = {isa = PBXFileReference; fileEncoding = 4; lastKnownFileType = sourcecode.swift; path = "TextField+Styles.swift"; sourceTree = "<group>"; };
		4C9CC36125B4F078002BE06D /* Builder.app */ = {isa = PBXFileReference; explicitFileType = wrapper.application; includeInIndex = 0; path = Builder.app; sourceTree = BUILT_PRODUCTS_DIR; };
		4C9CC36425B4F078002BE06D /* AppDelegate.swift */ = {isa = PBXFileReference; lastKnownFileType = sourcecode.swift; path = AppDelegate.swift; sourceTree = "<group>"; };
		4C9CC36625B4F078002BE06D /* SceneDelegate.swift */ = {isa = PBXFileReference; lastKnownFileType = sourcecode.swift; path = SceneDelegate.swift; sourceTree = "<group>"; };
		4C9CC36825B4F078002BE06D /* MainViewController.swift */ = {isa = PBXFileReference; lastKnownFileType = sourcecode.swift; path = MainViewController.swift; sourceTree = "<group>"; };
		4C9CC36B25B4F078002BE06D /* Base */ = {isa = PBXFileReference; lastKnownFileType = file.storyboard; name = Base; path = Base.lproj/Main.storyboard; sourceTree = "<group>"; };
		4C9CC36D25B4F079002BE06D /* Assets.xcassets */ = {isa = PBXFileReference; lastKnownFileType = folder.assetcatalog; path = Assets.xcassets; sourceTree = "<group>"; };
		4C9CC37025B4F079002BE06D /* Base */ = {isa = PBXFileReference; lastKnownFileType = file.storyboard; name = Base; path = Base.lproj/LaunchScreen.storyboard; sourceTree = "<group>"; };
		4C9CC37225B4F079002BE06D /* Info.plist */ = {isa = PBXFileReference; lastKnownFileType = text.plist.xml; path = Info.plist; sourceTree = "<group>"; };
		4C9CC37725B4F079002BE06D /* BuilderTests.xctest */ = {isa = PBXFileReference; explicitFileType = wrapper.cfbundle; includeInIndex = 0; path = BuilderTests.xctest; sourceTree = BUILT_PRODUCTS_DIR; };
		4C9CC37D25B4F079002BE06D /* Info.plist */ = {isa = PBXFileReference; lastKnownFileType = text.plist.xml; path = Info.plist; sourceTree = "<group>"; };
		4C9CC38225B4F079002BE06D /* BuilderUITests.xctest */ = {isa = PBXFileReference; explicitFileType = wrapper.cfbundle; includeInIndex = 0; path = BuilderUITests.xctest; sourceTree = BUILT_PRODUCTS_DIR; };
		4C9CC38625B4F079002BE06D /* BuilderUITests.swift */ = {isa = PBXFileReference; lastKnownFileType = sourcecode.swift; path = BuilderUITests.swift; sourceTree = "<group>"; };
		4C9CC38825B4F079002BE06D /* Info.plist */ = {isa = PBXFileReference; lastKnownFileType = text.plist.xml; path = Info.plist; sourceTree = "<group>"; };
		4C9CC3B325B4F2D4002BE06D /* Builder+Switch.swift */ = {isa = PBXFileReference; fileEncoding = 4; lastKnownFileType = sourcecode.swift; path = "Builder+Switch.swift"; sourceTree = "<group>"; };
		4C9CC3B425B4F2D4002BE06D /* Builder+ScrollView.swift */ = {isa = PBXFileReference; fileEncoding = 4; lastKnownFileType = sourcecode.swift; path = "Builder+ScrollView.swift"; sourceTree = "<group>"; };
		4C9CC3B525B4F2D4002BE06D /* Builder+Divider.swift */ = {isa = PBXFileReference; fileEncoding = 4; lastKnownFileType = sourcecode.swift; path = "Builder+Divider.swift"; sourceTree = "<group>"; };
		4C9CC3B625B4F2D4002BE06D /* Builder.swift */ = {isa = PBXFileReference; fileEncoding = 4; lastKnownFileType = sourcecode.swift; path = Builder.swift; sourceTree = "<group>"; };
		4C9CC3B725B4F2D4002BE06D /* Builder+Button.swift */ = {isa = PBXFileReference; fileEncoding = 4; lastKnownFileType = sourcecode.swift; path = "Builder+Button.swift"; sourceTree = "<group>"; };
		4C9CC3B825B4F2D4002BE06D /* Builder+Navigation.swift */ = {isa = PBXFileReference; fileEncoding = 4; lastKnownFileType = sourcecode.swift; path = "Builder+Navigation.swift"; sourceTree = "<group>"; };
		4C9CC3B925B4F2D4002BE06D /* Builder+Spacer.swift */ = {isa = PBXFileReference; fileEncoding = 4; lastKnownFileType = sourcecode.swift; path = "Builder+Spacer.swift"; sourceTree = "<group>"; };
		4C9CC3BA25B4F2D4002BE06D /* Builder+Image.swift */ = {isa = PBXFileReference; fileEncoding = 4; lastKnownFileType = sourcecode.swift; path = "Builder+Image.swift"; sourceTree = "<group>"; };
		4C9CC3BB25B4F2D4002BE06D /* Builder+Dynamic.swift */ = {isa = PBXFileReference; fileEncoding = 4; lastKnownFileType = sourcecode.swift; path = "Builder+Dynamic.swift"; sourceTree = "<group>"; };
		4C9CC3BC25B4F2D4002BE06D /* Builder+View.swift */ = {isa = PBXFileReference; fileEncoding = 4; lastKnownFileType = sourcecode.swift; path = "Builder+View.swift"; sourceTree = "<group>"; };
		4C9CC3BD25B4F2D4002BE06D /* Builder+Label.swift */ = {isa = PBXFileReference; fileEncoding = 4; lastKnownFileType = sourcecode.swift; path = "Builder+Label.swift"; sourceTree = "<group>"; };
		4C9CC3BE25B4F2D4002BE06D /* Builder+ViewController.swift */ = {isa = PBXFileReference; fileEncoding = 4; lastKnownFileType = sourcecode.swift; path = "Builder+ViewController.swift"; sourceTree = "<group>"; };
		4C9CC3BF25B4F2D4002BE06D /* Builder+Container.swift */ = {isa = PBXFileReference; fileEncoding = 4; lastKnownFileType = sourcecode.swift; path = "Builder+Container.swift"; sourceTree = "<group>"; };
		4C9CC3C025B4F2D4002BE06D /* Builder+Stack.swift */ = {isa = PBXFileReference; fileEncoding = 4; lastKnownFileType = sourcecode.swift; path = "Builder+Stack.swift"; sourceTree = "<group>"; };
		4C9CC3D325B4F2DF002BE06D /* ClientRequestBuilder.swift */ = {isa = PBXFileReference; fileEncoding = 4; lastKnownFileType = sourcecode.swift; path = ClientRequestBuilder.swift; sourceTree = "<group>"; };
		4C9CC3D525B4F2DF002BE06D /* ClientRequestBuilder+RxSwift.swift */ = {isa = PBXFileReference; fileEncoding = 4; lastKnownFileType = sourcecode.swift; path = "ClientRequestBuilder+RxSwift.swift"; sourceTree = "<group>"; };
		4C9CC3D725B4F2DF002BE06D /* StatusErrorMappingInterceptor.swift */ = {isa = PBXFileReference; fileEncoding = 4; lastKnownFileType = sourcecode.swift; path = StatusErrorMappingInterceptor.swift; sourceTree = "<group>"; };
		4C9CC3D825B4F2DF002BE06D /* ClientSessionManager.swift */ = {isa = PBXFileReference; fileEncoding = 4; lastKnownFileType = sourcecode.swift; path = ClientSessionManager.swift; sourceTree = "<group>"; };
		4C9CC3D925B4F2DF002BE06D /* URLSessionManager.swift */ = {isa = PBXFileReference; fileEncoding = 4; lastKnownFileType = sourcecode.swift; path = URLSessionManager.swift; sourceTree = "<group>"; };
		4C9CC3E525B4F499002BE06D /* UIImage+Extensions.swift */ = {isa = PBXFileReference; fileEncoding = 4; lastKnownFileType = sourcecode.swift; path = "UIImage+Extensions.swift"; sourceTree = "<group>"; };
		4C9CC3EB25B4F627002BE06D /* User.swift */ = {isa = PBXFileReference; fileEncoding = 4; lastKnownFileType = sourcecode.swift; path = User.swift; sourceTree = "<group>"; };
		4C9CC3FD25B5099D002BE06D /* UserService.swift */ = {isa = PBXFileReference; lastKnownFileType = sourcecode.swift; path = UserService.swift; sourceTree = "<group>"; };
		4C9E511C270661D600795D2F /* MockURLProtocol.swift */ = {isa = PBXFileReference; lastKnownFileType = sourcecode.swift; path = MockURLProtocol.swift; sourceTree = "<group>"; };
		4C9E511E2706C94600795D2F /* get.json */ = {isa = PBXFileReference; fileEncoding = 4; lastKnownFileType = text.json; name = get.json; path = json/get.json; sourceTree = "<group>"; };
		4C9E51202707BECD00795D2F /* get_users.json */ = {isa = PBXFileReference; fileEncoding = 4; lastKnownFileType = text.json; name = get_users.json; path = json/get_users.json; sourceTree = "<group>"; };
		4C9E51222708AB4200795D2F /* MockDelayInterceptor.swift */ = {isa = PBXFileReference; fileEncoding = 4; lastKnownFileType = sourcecode.swift; path = MockDelayInterceptor.swift; sourceTree = "<group>"; };
		4CA19EDF273DCB0100EE7433 /* Builder+RxSwift.swift */ = {isa = PBXFileReference; fileEncoding = 4; lastKnownFileType = sourcecode.swift; path = "Builder+RxSwift.swift"; sourceTree = "<group>"; };
		4CA19EE2273E0B5D00EE7433 /* TestViewController.swift */ = {isa = PBXFileReference; fileEncoding = 4; lastKnownFileType = sourcecode.swift; path = TestViewController.swift; sourceTree = "<group>"; };
		4CA19EE5273E0C8C00EE7433 /* MenuViewController.swift */ = {isa = PBXFileReference; lastKnownFileType = sourcecode.swift; path = MenuViewController.swift; sourceTree = "<group>"; };
		4CA19EE7273E108700EE7433 /* MainStackViewController.swift */ = {isa = PBXFileReference; fileEncoding = 4; lastKnownFileType = sourcecode.swift; path = MainStackViewController.swift; sourceTree = "<group>"; };
		4CBC04CE26FBFDC600BFD8E4 /* ClientSessionManagerInterceptor.swift */ = {isa = PBXFileReference; fileEncoding = 4; lastKnownFileType = sourcecode.swift; path = ClientSessionManagerInterceptor.swift; sourceTree = "<group>"; };
		4CC5D7A1270D1A80003137BD /* TestServices.swift */ = {isa = PBXFileReference; lastKnownFileType = sourcecode.swift; path = TestServices.swift; sourceTree = "<group>"; };
		4CCB61D026C36F0C0011BD44 /* UIViewController+Extensions.swift */ = {isa = PBXFileReference; lastKnownFileType = sourcecode.swift; path = "UIViewController+Extensions.swift"; sourceTree = "<group>"; };
		4CD0521925B542B50099B277 /* MainViewModel.swift */ = {isa = PBXFileReference; lastKnownFileType = sourcecode.swift; path = MainViewModel.swift; sourceTree = "<group>"; };
		4CD0521E25B5433D0099B277 /* _Application+Injection.swift */ = {isa = PBXFileReference; lastKnownFileType = sourcecode.swift; path = "_Application+Injection.swift"; sourceTree = "<group>"; };
		4CD0522325B5439E0099B277 /* _Main+Injection.swift */ = {isa = PBXFileReference; lastKnownFileType = sourcecode.swift; path = "_Main+Injection.swift"; sourceTree = "<group>"; };
		4CD0522925B544370099B277 /* _Services+Injection.swift */ = {isa = PBXFileReference; lastKnownFileType = sourcecode.swift; path = "_Services+Injection.swift"; sourceTree = "<group>"; };
		4CD0524725B7AECC0099B277 /* DetailCardView.swift */ = {isa = PBXFileReference; fileEncoding = 4; lastKnownFileType = sourcecode.swift; name = DetailCardView.swift; path = Builder/DetailCardView.swift; sourceTree = SOURCE_ROOT; };
		4CEE4D592695DD7E00312FD1 /* Builder+Group.swift */ = {isa = PBXFileReference; lastKnownFileType = sourcecode.swift; path = "Builder+Group.swift"; sourceTree = "<group>"; };
		4CF1A64226B399D800E26446 /* Functions+Extensions.swift */ = {isa = PBXFileReference; lastKnownFileType = sourcecode.swift; path = "Functions+Extensions.swift"; sourceTree = "<group>"; };
		4CF9644B274B098200C0824C /* LoginViewController.swift */ = {isa = PBXFileReference; lastKnownFileType = sourcecode.swift; path = LoginViewController.swift; sourceTree = "<group>"; };
		4CF9644D274B0B1600C0824C /* Builder+TextField.swift */ = {isa = PBXFileReference; lastKnownFileType = sourcecode.swift; path = "Builder+TextField.swift"; sourceTree = "<group>"; };
		4CF9644F274BE2CB00C0824C /* DLSCardView.swift */ = {isa = PBXFileReference; lastKnownFileType = sourcecode.swift; path = DLSCardView.swift; sourceTree = "<group>"; };
		4CF96451274BE76500C0824C /* LoginViewModel.swift */ = {isa = PBXFileReference; lastKnownFileType = sourcecode.swift; path = LoginViewModel.swift; sourceTree = "<group>"; };
/* End PBXFileReference section */

/* Begin PBXFrameworksBuildPhase section */
		4C9CC35E25B4F078002BE06D /* Frameworks */ = {
			isa = PBXFrameworksBuildPhase;
			buildActionMask = 2147483647;
			files = (
				4C2D812425E408B300E2EBD7 /* RxRelay in Frameworks */,
				4C2D812025E408B300E2EBD7 /* RxSwift in Frameworks */,
				4C2D812625E408B300E2EBD7 /* RxCocoa in Frameworks */,
				4C2D811A25E4087B00E2EBD7 /* Resolver in Frameworks */,
			);
			runOnlyForDeploymentPostprocessing = 0;
		};
		4C9CC37425B4F079002BE06D /* Frameworks */ = {
			isa = PBXFrameworksBuildPhase;
			buildActionMask = 2147483647;
			files = (
			);
			runOnlyForDeploymentPostprocessing = 0;
		};
		4C9CC37F25B4F079002BE06D /* Frameworks */ = {
			isa = PBXFrameworksBuildPhase;
			buildActionMask = 2147483647;
			files = (
			);
			runOnlyForDeploymentPostprocessing = 0;
		};
/* End PBXFrameworksBuildPhase section */

/* Begin PBXGroup section */
		4C1F921626E94BE50075A5F4 /* Styles */ = {
			isa = PBXGroup;
			children = (
				4C1F921726E94BFE0075A5F4 /* ButtonView+Styles.swift */,
				4C1F921926E94C140075A5F4 /* LabelView+Styles.swift */,
				4C8B50BC275FED84004FFC15 /* TextField+Styles.swift */,
			);
			path = Styles;
			sourceTree = "<group>";
		};
		4C1FB29C25E3FC520040053A /* Frameworks */ = {
			isa = PBXGroup;
			children = (
			);
			name = Frameworks;
			sourceTree = "<group>";
		};
		4C288FB825B6129D004D54AC /* Configuration */ = {
			isa = PBXGroup;
			children = (
				4C288FB925B612DD004D54AC /* API.xcconfig */,
				4C288FBA25B612F0004D54AC /* MOCK.xcconfig */,
			);
			path = Configuration;
			sourceTree = "<group>";
		};
		4C3BF53C2764131200E9EA68 /* ContactForm */ = {
			isa = PBXGroup;
			children = (
				4C3BF53D2764134700E9EA68 /* ContactFormViewController.swift */,
				4C3BF53F2764136400E9EA68 /* ContactFormViewModel.swift */,
				4C3BF5412766962D00E9EA68 /* FormField.swift */,
				4C3BF543276696B000E9EA68 /* FormFieldManager.swift */,
				4C7C3FCE276A503300F697BA /* FABMenuView.swift */,
			);
			path = ContactForm;
			sourceTree = "<group>";
		};
		4C65863225E98B0A0073003C /* Core */ = {
			isa = PBXGroup;
			children = (
				4C9CC3D325B4F2DF002BE06D /* ClientRequestBuilder.swift */,
				4C9CC3D825B4F2DF002BE06D /* ClientSessionManager.swift */,
				4CBC04CE26FBFDC600BFD8E4 /* ClientSessionManagerInterceptor.swift */,
				4C9E511C270661D600795D2F /* MockURLProtocol.swift */,
				4C9CC3D925B4F2DF002BE06D /* URLSessionManager.swift */,
			);
			path = Core;
			sourceTree = "<group>";
		};
		4C65863925E98B840073003C /* Extensions */ = {
			isa = PBXGroup;
			children = (
				4C9CC3D525B4F2DF002BE06D /* ClientRequestBuilder+RxSwift.swift */,
			);
			path = Extensions;
			sourceTree = "<group>";
		};
		4C65863D25E9CAEA0073003C /* Inteceptors */ = {
			isa = PBXGroup;
			children = (
				4C9E51222708AB4200795D2F /* MockDelayInterceptor.swift */,
				4C65863E25E9CAFD0073003C /* SessionLoggingInterceptorr.swift */,
				4C65864025E9CB360073003C /* SSOAuthenticationInterceptor.swift */,
				4C65863F25E9CB270073003C /* StandardHeadersInterceptor.swift */,
				4C9CC3D725B4F2DF002BE06D /* StatusErrorMappingInterceptor.swift */,
			);
			path = Inteceptors;
			sourceTree = "<group>";
		};
		4C65865F25ED22800073003C /* Views */ = {
			isa = PBXGroup;
			children = (
				4CF9644F274BE2CB00C0824C /* DLSCardView.swift */,
				4C8B50BA275FAC93004FFC15 /* MetaTextField.swift */,
				4C65866525ED30280073003C /* StandardErrorPage.swift */,
				4C65866B25ED30A20073003C /* StandardEmptyPage.swift */,
				4C65866625ED30800073003C /* StandardLoadingPage.swift */,
			);
			path = Views;
			sourceTree = "<group>";
		};
		4C8B50A7275FA61C004FFC15 /* Fields */ = {
			isa = PBXGroup;
			children = (
				4C8B50AB275FA656004FFC15 /* BuilderInternalTextField.swift */,
				4C8B50A9275FA656004FFC15 /* CurrencyTextField.swift */,
				4C8B50AC275FA656004FFC15 /* MaskedTextField.swift */,
				4C8B50A8275FA656004FFC15 /* MaxWidthTextField.swift */,
				4C8B50AD275FA656004FFC15 /* NextAccessoryView.swift */,
				4C8B50AA275FA656004FFC15 /* TextFieldBehaviorAggregator.swift */,
			);
			path = Fields;
			sourceTree = "<group>";
		};
		4C9CC35825B4F078002BE06D = {
			isa = PBXGroup;
			children = (
				4C9CC36325B4F078002BE06D /* Builder */,
				4C9CC37A25B4F079002BE06D /* BuilderTests */,
				4C9CC38525B4F079002BE06D /* BuilderUITests */,
				4C9CC36225B4F078002BE06D /* Products */,
				4C1FB29C25E3FC520040053A /* Frameworks */,
			);
			sourceTree = "<group>";
		};
		4C9CC36225B4F078002BE06D /* Products */ = {
			isa = PBXGroup;
			children = (
				4C9CC36125B4F078002BE06D /* Builder.app */,
				4C9CC37725B4F079002BE06D /* BuilderTests.xctest */,
				4C9CC38225B4F079002BE06D /* BuilderUITests.xctest */,
			);
			name = Products;
			sourceTree = "<group>";
		};
		4C9CC36325B4F078002BE06D /* Builder */ = {
			isa = PBXGroup;
			children = (
				4C1F921526E820670075A5F4 /* README.md */,
				4C288FB825B6129D004D54AC /* Configuration */,
				4C9CC3B025B4F26E002BE06D /* Application */,
				4C9CC3EA25B4F618002BE06D /* Models */,
				4C9CC3AC25B4F246002BE06D /* Resources */,
				4CD0522825B544180099B277 /* Services */,
				4C9CC3B125B4F29A002BE06D /* Shared */,
				4C65865F25ED22800073003C /* Views */,
			);
			path = Builder;
			sourceTree = "<group>";
		};
		4C9CC37A25B4F079002BE06D /* BuilderTests */ = {
			isa = PBXGroup;
			children = (
				4C9CC37D25B4F079002BE06D /* Info.plist */,
				4C65864D25EC3A6C0073003C /* Resolver+XCTest.swift */,
				4C5FF94125E4189100E929A4 /* XCTTest+Extensions.swift */,
				4C1FB28B25E3F5CC0040053A /* MainViewModelSpec.swift */,
				4C65865A25EC3C9A0073003C /* TestExrtensionsSpec.swift */,
				4C65865525EC3C110073003C /* UserImageCacheSpec.swift */,
			);
			path = BuilderTests;
			sourceTree = "<group>";
		};
		4C9CC38525B4F079002BE06D /* BuilderUITests */ = {
			isa = PBXGroup;
			children = (
				4C9CC38625B4F079002BE06D /* BuilderUITests.swift */,
				4C9CC38825B4F079002BE06D /* Info.plist */,
			);
			path = BuilderUITests;
			sourceTree = "<group>";
		};
		4C9CC3AC25B4F246002BE06D /* Resources */ = {
			isa = PBXGroup;
			children = (
				4C9E511E2706C94600795D2F /* get.json */,
				4C9E51202707BECD00795D2F /* get_users.json */,
				4C9CC36D25B4F079002BE06D /* Assets.xcassets */,
				4C9CC36F25B4F079002BE06D /* LaunchScreen.storyboard */,
				4C9CC37225B4F079002BE06D /* Info.plist */,
			);
			name = Resources;
			sourceTree = "<group>";
		};
		4C9CC3B025B4F26E002BE06D /* Application */ = {
			isa = PBXGroup;
			children = (
				4CA19EE4273E0C4700EE7433 /* Menu */,
				4C3BF53C2764131200E9EA68 /* ContactForm */,
				4CF9644A274B094F00C0824C /* Login */,
				4C9CC3F325B4F854002BE06D /* Main */,
				4CD0524625B7AE190099B277 /* Details */,
				4CA19EE1273E0B4C00EE7433 /* Test */,
				4C9CC36425B4F078002BE06D /* AppDelegate.swift */,
				4C9CC36625B4F078002BE06D /* SceneDelegate.swift */,
			);
			name = Application;
			sourceTree = "<group>";
		};
		4C9CC3B125B4F29A002BE06D /* Shared */ = {
			isa = PBXGroup;
			children = (
				4C9CC3B225B4F2D4002BE06D /* Builder */,
				4C9CC3E425B4F47C002BE06D /* Extensions */,
				4C8B50A7275FA61C004FFC15 /* Fields */,
				4C9CC3D225B4F2DF002BE06D /* Networking */,
				4C1F921626E94BE50075A5F4 /* Styles */,
			);
			path = Shared;
			sourceTree = "<group>";
		};
		4C9CC3B225B4F2D4002BE06D /* Builder */ = {
			isa = PBXGroup;
			children = (
				4C9CC3B625B4F2D4002BE06D /* Builder.swift */,
				4C4AD7732753FAAB00EF12C6 /* Builder+Attributes.swift */,
				4C9CC3B725B4F2D4002BE06D /* Builder+Button.swift */,
				4C40B2B126E2E07100598D9E /* Builder+Constraints.swift */,
				4C9CC3BF25B4F2D4002BE06D /* Builder+Container.swift */,
				4C40B2B326E4212700598D9E /* Builder+Context.swift */,
				4C4AD769274FF3AF00EF12C6 /* Builder+Controls.swift */,
				4C9CC3B525B4F2D4002BE06D /* Builder+Divider.swift */,
				4C9CC3BB25B4F2D4002BE06D /* Builder+Dynamic.swift */,
				4C4AD733274DEC9700EF12C6 /* Builder+Extensions.swift */,
				4C4AD76D27513CFF00EF12C6 /* Builder+ForEach.swift */,
				4C4AD77527542E5300EF12C6 /* Builder+Gestures.swift */,
				4CEE4D592695DD7E00312FD1 /* Builder+Group.swift */,
				4C9CC3BA25B4F2D4002BE06D /* Builder+Image.swift */,
				4C9CC3BD25B4F2D4002BE06D /* Builder+Label.swift */,
				4C9CC3B825B4F2D4002BE06D /* Builder+Navigation.swift */,
				4C47033126CB17EE006B6DEC /* Builder+Padding.swift */,
				4CA19EDF273DCB0100EE7433 /* Builder+RxSwift.swift */,
				4C9CC3B425B4F2D4002BE06D /* Builder+ScrollView.swift */,
				4C9CC3B925B4F2D4002BE06D /* Builder+Spacer.swift */,
				4C9CC3C025B4F2D4002BE06D /* Builder+Stack.swift */,
				4C3D9C2C27556081007CE720 /* Builder+Styles.swift */,
				4C9CC3B325B4F2D4002BE06D /* Builder+Switch.swift */,
				4C2A0D7B268F916D00BF86ED /* Builder+TableView.swift */,
				4CF9644D274B0B1600C0824C /* Builder+TextField.swift */,
				4C03878B2724A7C8002DD382 /* Builder+Variable.swift */,
				4C9CC3BC25B4F2D4002BE06D /* Builder+View.swift */,
				4C9CC3BE25B4F2D4002BE06D /* Builder+ViewController.swift */,
				4C2A0D79268F65C800BF86ED /* Builder+With.swift */,
				4C249B6725C656AF00EAA1E9 /* Builder+ZStack.swift */,
			);
			path = Builder;
			sourceTree = "<group>";
		};
		4C9CC3D225B4F2DF002BE06D /* Networking */ = {
			isa = PBXGroup;
			children = (
				4C65862A25E9892C0073003C /* _Networking+Injection.swift */,
				4C65863225E98B0A0073003C /* Core */,
				4C65863925E98B840073003C /* Extensions */,
				4C65863D25E9CAEA0073003C /* Inteceptors */,
				4C147A8D25B55C7E000DC2FC /* APIError.swift */,
			);
			path = Networking;
			sourceTree = "<group>";
		};
		4C9CC3E425B4F47C002BE06D /* Extensions */ = {
			isa = PBXGroup;
			children = (
				4CF1A64226B399D800E26446 /* Functions+Extensions.swift */,
				4C57859625CAEA60005D42BB /* Rx+Extensions.swift */,
				4C8B50B4275FA879004FFC15 /* String+Extensions.swift */,
				4C4AD76F2751881700EF12C6 /* UIColor+Extensions.swift */,
				4C9CC3E525B4F499002BE06D /* UIImage+Extensions.swift */,
				4C8B50B8275FAB94004FFC15 /* UITextField+Styles.swift */,
				4C8B50B6275FA994004FFC15 /* UIView+Extensions.swift */,
				4CCB61D026C36F0C0011BD44 /* UIViewController+Extensions.swift */,
			);
			path = Extensions;
			sourceTree = "<group>";
		};
		4C9CC3EA25B4F618002BE06D /* Models */ = {
			isa = PBXGroup;
			children = (
				4C9CC3EB25B4F627002BE06D /* User.swift */,
			);
			name = Models;
			sourceTree = "<group>";
		};
		4C9CC3F325B4F854002BE06D /* Main */ = {
			isa = PBXGroup;
			children = (
				4CD0522325B5439E0099B277 /* _Main+Injection.swift */,
				4CA19EE7273E108700EE7433 /* MainStackViewController.swift */,
				4C65866025ED23040073003C /* MainUsersStackView.swift */,
				4C8221C526DC458A00BDD349 /* MainUsersTableView.swift */,
				4C9CC36825B4F078002BE06D /* MainViewController.swift */,
				4CD0521925B542B50099B277 /* MainViewModel.swift */,
			);
			name = Main;
			sourceTree = "<group>";
		};
		4CA19EE1273E0B4C00EE7433 /* Test */ = {
			isa = PBXGroup;
			children = (
				4CA19EE2273E0B5D00EE7433 /* TestViewController.swift */,
				4C4AD771275189E000EF12C6 /* TestViews.swift */,
				4C7C3FD0276A527E00F697BA /* TabBarTest.swift */,
			);
			path = Test;
			sourceTree = "<group>";
		};
		4CA19EE4273E0C4700EE7433 /* Menu */ = {
			isa = PBXGroup;
			children = (
				4CD0521E25B5433D0099B277 /* _Application+Injection.swift */,
				4CA19EE5273E0C8C00EE7433 /* MenuViewController.swift */,
				4C9CC36A25B4F078002BE06D /* Main.storyboard */,
			);
			path = Menu;
			sourceTree = "<group>";
		};
		4CD0522825B544180099B277 /* Services */ = {
			isa = PBXGroup;
			children = (
				4CD0522925B544370099B277 /* _Services+Injection.swift */,
				4C9CC3FD25B5099D002BE06D /* UserService.swift */,
				4C878EDE25C38C8A004D7216 /* UserImageCache.swift */,
				4C1F571D25CE344600B6086F /* Dismissible.swift */,
				4CC5D7A1270D1A80003137BD /* TestServices.swift */,
			);
			path = Services;
			sourceTree = "<group>";
		};
		4CD0524625B7AE190099B277 /* Details */ = {
			isa = PBXGroup;
			children = (
				4C249B1725C5CEE500EAA1E9 /* _Details+Injection.swift */,
				4CD0524725B7AECC0099B277 /* DetailCardView.swift */,
				4C57859125CA2958005D42BB /* DetailViewController.swift */,
				4C249B0F25C5CE5900EAA1E9 /* DetailViewModel.swift */,
			);
			path = Details;
			sourceTree = "<group>";
		};
		4CF9644A274B094F00C0824C /* Login */ = {
			isa = PBXGroup;
			children = (
				4CF9644B274B098200C0824C /* LoginViewController.swift */,
				4CF96451274BE76500C0824C /* LoginViewModel.swift */,
			);
			path = Login;
			sourceTree = "<group>";
		};
/* End PBXGroup section */

/* Begin PBXNativeTarget section */
		4C9CC36025B4F078002BE06D /* Builder */ = {
			isa = PBXNativeTarget;
			buildConfigurationList = 4C9CC38B25B4F079002BE06D /* Build configuration list for PBXNativeTarget "Builder" */;
			buildPhases = (
				4C9CC35D25B4F078002BE06D /* Sources */,
				4C9CC35E25B4F078002BE06D /* Frameworks */,
				4C9CC35F25B4F078002BE06D /* Resources */,
			);
			buildRules = (
			);
			dependencies = (
			);
			name = Builder;
			packageProductDependencies = (
				4C2D811925E4087B00E2EBD7 /* Resolver */,
				4C2D811F25E408B300E2EBD7 /* RxSwift */,
				4C2D812325E408B300E2EBD7 /* RxRelay */,
				4C2D812525E408B300E2EBD7 /* RxCocoa */,
			);
			productName = Builder;
			productReference = 4C9CC36125B4F078002BE06D /* Builder.app */;
			productType = "com.apple.product-type.application";
		};
		4C9CC37625B4F079002BE06D /* BuilderTests */ = {
			isa = PBXNativeTarget;
			buildConfigurationList = 4C9CC38E25B4F079002BE06D /* Build configuration list for PBXNativeTarget "BuilderTests" */;
			buildPhases = (
				4C9CC37325B4F079002BE06D /* Sources */,
				4C9CC37425B4F079002BE06D /* Frameworks */,
				4C9CC37525B4F079002BE06D /* Resources */,
			);
			buildRules = (
			);
			dependencies = (
				4C9CC37925B4F079002BE06D /* PBXTargetDependency */,
			);
			name = BuilderTests;
			packageProductDependencies = (
			);
			productName = BuilderTests;
			productReference = 4C9CC37725B4F079002BE06D /* BuilderTests.xctest */;
			productType = "com.apple.product-type.bundle.unit-test";
		};
		4C9CC38125B4F079002BE06D /* BuilderUITests */ = {
			isa = PBXNativeTarget;
			buildConfigurationList = 4C9CC39125B4F079002BE06D /* Build configuration list for PBXNativeTarget "BuilderUITests" */;
			buildPhases = (
				4C9CC37E25B4F079002BE06D /* Sources */,
				4C9CC37F25B4F079002BE06D /* Frameworks */,
				4C9CC38025B4F079002BE06D /* Resources */,
			);
			buildRules = (
			);
			dependencies = (
				4C9CC38425B4F079002BE06D /* PBXTargetDependency */,
			);
			name = BuilderUITests;
			productName = BuilderUITests;
			productReference = 4C9CC38225B4F079002BE06D /* BuilderUITests.xctest */;
			productType = "com.apple.product-type.bundle.ui-testing";
		};
/* End PBXNativeTarget section */

/* Begin PBXProject section */
		4C9CC35925B4F078002BE06D /* Project object */ = {
			isa = PBXProject;
			attributes = {
				LastSwiftUpdateCheck = 1220;
				LastUpgradeCheck = 1220;
				TargetAttributes = {
					4C9CC36025B4F078002BE06D = {
						CreatedOnToolsVersion = 12.2;
					};
					4C9CC37625B4F079002BE06D = {
						CreatedOnToolsVersion = 12.2;
						TestTargetID = 4C9CC36025B4F078002BE06D;
					};
					4C9CC38125B4F079002BE06D = {
						CreatedOnToolsVersion = 12.2;
						TestTargetID = 4C9CC36025B4F078002BE06D;
					};
				};
			};
			buildConfigurationList = 4C9CC35C25B4F078002BE06D /* Build configuration list for PBXProject "Builder" */;
			compatibilityVersion = "Xcode 9.3";
			developmentRegion = en;
			hasScannedForEncodings = 0;
			knownRegions = (
				en,
				Base,
			);
			mainGroup = 4C9CC35825B4F078002BE06D;
			packageReferences = (
				4C2D811825E4087B00E2EBD7 /* XCRemoteSwiftPackageReference "Resolver" */,
				4C2D811E25E408B300E2EBD7 /* XCRemoteSwiftPackageReference "RxSwift" */,
			);
			productRefGroup = 4C9CC36225B4F078002BE06D /* Products */;
			projectDirPath = "";
			projectRoot = "";
			targets = (
				4C9CC36025B4F078002BE06D /* Builder */,
				4C9CC37625B4F079002BE06D /* BuilderTests */,
				4C9CC38125B4F079002BE06D /* BuilderUITests */,
			);
		};
/* End PBXProject section */

/* Begin PBXResourcesBuildPhase section */
		4C9CC35F25B4F078002BE06D /* Resources */ = {
			isa = PBXResourcesBuildPhase;
			buildActionMask = 2147483647;
			files = (
				4C9E51212707BECD00795D2F /* get_users.json in Resources */,
				4C9CC37125B4F079002BE06D /* LaunchScreen.storyboard in Resources */,
				4C9CC36E25B4F079002BE06D /* Assets.xcassets in Resources */,
				4C9CC36C25B4F078002BE06D /* Main.storyboard in Resources */,
				4C9E511F2706C94600795D2F /* get.json in Resources */,
			);
			runOnlyForDeploymentPostprocessing = 0;
		};
		4C9CC37525B4F079002BE06D /* Resources */ = {
			isa = PBXResourcesBuildPhase;
			buildActionMask = 2147483647;
			files = (
			);
			runOnlyForDeploymentPostprocessing = 0;
		};
		4C9CC38025B4F079002BE06D /* Resources */ = {
			isa = PBXResourcesBuildPhase;
			buildActionMask = 2147483647;
			files = (
			);
			runOnlyForDeploymentPostprocessing = 0;
		};
/* End PBXResourcesBuildPhase section */

/* Begin PBXSourcesBuildPhase section */
		4C9CC35D25B4F078002BE06D /* Sources */ = {
			isa = PBXSourcesBuildPhase;
			buildActionMask = 2147483647;
			files = (
				4CA19EE0273DCB0100EE7433 /* Builder+RxSwift.swift in Sources */,
				4C4AD7702751881700EF12C6 /* UIColor+Extensions.swift in Sources */,
				4C4AD77627542E5300EF12C6 /* Builder+Gestures.swift in Sources */,
				4C9CC3EC25B4F627002BE06D /* User.swift in Sources */,
				4C3D9C2D27556081007CE720 /* Builder+Styles.swift in Sources */,
				4C8B50B7275FA994004FFC15 /* UIView+Extensions.swift in Sources */,
				4C249B6825C656AF00EAA1E9 /* Builder+ZStack.swift in Sources */,
				4C9CC3CA25B4F2D4002BE06D /* Builder+View.swift in Sources */,
				4C2A0D7C268F916D00BF86ED /* Builder+TableView.swift in Sources */,
				4CD0524825B7AECC0099B277 /* DetailCardView.swift in Sources */,
				4C9CC3FE25B5099D002BE06D /* UserService.swift in Sources */,
				4C8B50B0275FA656004FFC15 /* TextFieldBehaviorAggregator.swift in Sources */,
				4CC5D7A2270D1A80003137BD /* TestServices.swift in Sources */,
				4CF1A64326B399D800E26446 /* Functions+Extensions.swift in Sources */,
				4C9CC3C225B4F2D4002BE06D /* Builder+ScrollView.swift in Sources */,
				4C47033226CB17EE006B6DEC /* Builder+Padding.swift in Sources */,
				4C57859725CAEA60005D42BB /* Rx+Extensions.swift in Sources */,
				4C8B50B1275FA656004FFC15 /* BuilderInternalTextField.swift in Sources */,
				4C57859225CA2958005D42BB /* DetailViewController.swift in Sources */,
				4C4AD772275189E000EF12C6 /* TestViews.swift in Sources */,
				4C9CC3E625B4F499002BE06D /* UIImage+Extensions.swift in Sources */,
				4C8B50BD275FED84004FFC15 /* TextField+Styles.swift in Sources */,
				4C9CC36925B4F078002BE06D /* MainViewController.swift in Sources */,
				4CF9644C274B0A1500C0824C /* LoginViewController.swift in Sources */,
				4C4AD76E27513CFF00EF12C6 /* Builder+ForEach.swift in Sources */,
				4C9CC3C825B4F2D4002BE06D /* Builder+Image.swift in Sources */,
				4C2A0D7A268F65C800BF86ED /* Builder+With.swift in Sources */,
				4CD0522A25B544370099B277 /* _Services+Injection.swift in Sources */,
				4CA19EE3273E0B5D00EE7433 /* TestViewController.swift in Sources */,
				4CD0521A25B542B50099B277 /* MainViewModel.swift in Sources */,
				4CCB61D126C36F0C0011BD44 /* UIViewController+Extensions.swift in Sources */,
				4C9CC3C425B4F2D4002BE06D /* Builder.swift in Sources */,
				4C1F921826E94BFE0075A5F4 /* ButtonView+Styles.swift in Sources */,
				4C9CC3C725B4F2D4002BE06D /* Builder+Spacer.swift in Sources */,
				4C40B2B226E2E07100598D9E /* Builder+Constraints.swift in Sources */,
				4C65866725ED30800073003C /* StandardLoadingPage.swift in Sources */,
				4C9CC3CB25B4F2D4002BE06D /* Builder+Label.swift in Sources */,
				4C9CC3CD25B4F2D4002BE06D /* Builder+Container.swift in Sources */,
				4C147A8E25B55C7E000DC2FC /* APIError.swift in Sources */,
				4C9E511D270661D600795D2F /* MockURLProtocol.swift in Sources */,
				4C3BF5402764136400E9EA68 /* ContactFormViewModel.swift in Sources */,
				4C9CC36525B4F078002BE06D /* AppDelegate.swift in Sources */,
				4C3BF5422766962D00E9EA68 /* FormField.swift in Sources */,
				4CBC04CF26FBFDC600BFD8E4 /* ClientSessionManagerInterceptor.swift in Sources */,
				4C1F921A26E94C140075A5F4 /* LabelView+Styles.swift in Sources */,
				4C03878C2724A7C8002DD382 /* Builder+Variable.swift in Sources */,
				4C9CC3DE25B4F2DF002BE06D /* StatusErrorMappingInterceptor.swift in Sources */,
				4CD0522425B5439E0099B277 /* _Main+Injection.swift in Sources */,
				4C8221C626DC458A00BDD349 /* MainUsersTableView.swift in Sources */,
				4C9CC3C325B4F2D4002BE06D /* Builder+Divider.swift in Sources */,
				4C878EDF25C38C8A004D7216 /* UserImageCache.swift in Sources */,
				4C9CC3E025B4F2DF002BE06D /* URLSessionManager.swift in Sources */,
				4C9CC3C925B4F2D4002BE06D /* Builder+Dynamic.swift in Sources */,
				4C1F571E25CE344600B6086F /* Dismissible.swift in Sources */,
				4C8B50B9275FAB94004FFC15 /* UITextField+Styles.swift in Sources */,
				4C9CC3C625B4F2D4002BE06D /* Builder+Navigation.swift in Sources */,
				4C8B50B5275FA879004FFC15 /* String+Extensions.swift in Sources */,
				4C9CC3C525B4F2D4002BE06D /* Builder+Button.swift in Sources */,
				4C249B1025C5CE5900EAA1E9 /* DetailViewModel.swift in Sources */,
				4C8B50B2275FA656004FFC15 /* MaskedTextField.swift in Sources */,
				4C4AD734274DEC9700EF12C6 /* Builder+Extensions.swift in Sources */,
				4CA19EE8273E108700EE7433 /* MainStackViewController.swift in Sources */,
				4C65866125ED23040073003C /* MainUsersStackView.swift in Sources */,
				4C4AD7742753FAAB00EF12C6 /* Builder+Attributes.swift in Sources */,
				4CF96452274BE76500C0824C /* LoginViewModel.swift in Sources */,
				4C3BF53E2764134700E9EA68 /* ContactFormViewController.swift in Sources */,
				4CA19EE6273E0C8C00EE7433 /* MenuViewController.swift in Sources */,
				4CF9644E274B0B1600C0824C /* Builder+TextField.swift in Sources */,
				4C9CC36725B4F078002BE06D /* SceneDelegate.swift in Sources */,
				4C65864725E9CB8D0073003C /* SSOAuthenticationInterceptor.swift in Sources */,
				4CEE4D5A2695DD7E00312FD1 /* Builder+Group.swift in Sources */,
				4C4AD76A274FF3AF00EF12C6 /* Builder+Controls.swift in Sources */,
				4C65864925E9CB8D0073003C /* SessionLoggingInterceptorr.swift in Sources */,
				4C8B50B3275FA656004FFC15 /* NextAccessoryView.swift in Sources */,
				4C65864825E9CB8D0073003C /* StandardHeadersInterceptor.swift in Sources */,
				4C3BF544276696B000E9EA68 /* FormFieldManager.swift in Sources */,
				4CF96450274BE2CB00C0824C /* DLSCardView.swift in Sources */,
				4C9E51232708AB4200795D2F /* MockDelayInterceptor.swift in Sources */,
				4C249B1825C5CEE500EAA1E9 /* _Details+Injection.swift in Sources */,
				4C8B50AE275FA656004FFC15 /* MaxWidthTextField.swift in Sources */,
				4C9CC3DF25B4F2DF002BE06D /* ClientSessionManager.swift in Sources */,
				4C8B50AF275FA656004FFC15 /* CurrencyTextField.swift in Sources */,
				4C9CC3DC25B4F2DF002BE06D /* ClientRequestBuilder+RxSwift.swift in Sources */,
				4C7C3FCF276A503300F697BA /* FABMenuView.swift in Sources */,
				4C65867325ED32150073003C /* StandardErrorPage.swift in Sources */,
				4C9CC3DA25B4F2DF002BE06D /* ClientRequestBuilder.swift in Sources */,
				4C9CC3CC25B4F2D4002BE06D /* Builder+ViewController.swift in Sources */,
				4C7C3FD1276A527E00F697BA /* TabBarTest.swift in Sources */,
				4C9CC3C125B4F2D4002BE06D /* Builder+Switch.swift in Sources */,
				4C9CC3CE25B4F2D4002BE06D /* Builder+Stack.swift in Sources */,
				4C65866C25ED30A20073003C /* StandardEmptyPage.swift in Sources */,
				4C8B50BB275FAC93004FFC15 /* MetaTextField.swift in Sources */,
				4C40B2B426E4212700598D9E /* Builder+Context.swift in Sources */,
				4C65862B25E9892C0073003C /* _Networking+Injection.swift in Sources */,
				4CD0521F25B5433D0099B277 /* _Application+Injection.swift in Sources */,
			);
			runOnlyForDeploymentPostprocessing = 0;
		};
		4C9CC37325B4F079002BE06D /* Sources */ = {
			isa = PBXSourcesBuildPhase;
			buildActionMask = 2147483647;
			files = (
				4C65865625EC3C110073003C /* UserImageCacheSpec.swift in Sources */,
				4C1FB28C25E3F5CC0040053A /* MainViewModelSpec.swift in Sources */,
				4C65865B25EC3C9A0073003C /* TestExrtensionsSpec.swift in Sources */,
				4C5FF94225E4189100E929A4 /* XCTTest+Extensions.swift in Sources */,
				4C65864E25EC3A6C0073003C /* Resolver+XCTest.swift in Sources */,
			);
			runOnlyForDeploymentPostprocessing = 0;
		};
		4C9CC37E25B4F079002BE06D /* Sources */ = {
			isa = PBXSourcesBuildPhase;
			buildActionMask = 2147483647;
			files = (
				4C9CC38725B4F079002BE06D /* BuilderUITests.swift in Sources */,
			);
			runOnlyForDeploymentPostprocessing = 0;
		};
/* End PBXSourcesBuildPhase section */

/* Begin PBXTargetDependency section */
		4C9CC37925B4F079002BE06D /* PBXTargetDependency */ = {
			isa = PBXTargetDependency;
			target = 4C9CC36025B4F078002BE06D /* Builder */;
			targetProxy = 4C9CC37825B4F079002BE06D /* PBXContainerItemProxy */;
		};
		4C9CC38425B4F079002BE06D /* PBXTargetDependency */ = {
			isa = PBXTargetDependency;
			target = 4C9CC36025B4F078002BE06D /* Builder */;
			targetProxy = 4C9CC38325B4F079002BE06D /* PBXContainerItemProxy */;
		};
/* End PBXTargetDependency section */

/* Begin PBXVariantGroup section */
		4C9CC36A25B4F078002BE06D /* Main.storyboard */ = {
			isa = PBXVariantGroup;
			children = (
				4C9CC36B25B4F078002BE06D /* Base */,
			);
			name = Main.storyboard;
			sourceTree = "<group>";
		};
		4C9CC36F25B4F079002BE06D /* LaunchScreen.storyboard */ = {
			isa = PBXVariantGroup;
			children = (
				4C9CC37025B4F079002BE06D /* Base */,
			);
			name = LaunchScreen.storyboard;
			sourceTree = "<group>";
		};
/* End PBXVariantGroup section */

/* Begin XCBuildConfiguration section */
		4C288FB025B611EA004D54AC /* Debug-Mock */ = {
			isa = XCBuildConfiguration;
			baseConfigurationReference = 4C288FBA25B612F0004D54AC /* MOCK.xcconfig */;
			buildSettings = {
				ALWAYS_SEARCH_USER_PATHS = NO;
				CLANG_ANALYZER_NONNULL = YES;
				CLANG_ANALYZER_NUMBER_OBJECT_CONVERSION = YES_AGGRESSIVE;
				CLANG_CXX_LANGUAGE_STANDARD = "gnu++14";
				CLANG_CXX_LIBRARY = "libc++";
				CLANG_ENABLE_MODULES = YES;
				CLANG_ENABLE_OBJC_ARC = YES;
				CLANG_ENABLE_OBJC_WEAK = YES;
				CLANG_WARN_BLOCK_CAPTURE_AUTORELEASING = YES;
				CLANG_WARN_BOOL_CONVERSION = YES;
				CLANG_WARN_COMMA = YES;
				CLANG_WARN_CONSTANT_CONVERSION = YES;
				CLANG_WARN_DEPRECATED_OBJC_IMPLEMENTATIONS = YES;
				CLANG_WARN_DIRECT_OBJC_ISA_USAGE = YES_ERROR;
				CLANG_WARN_DOCUMENTATION_COMMENTS = YES;
				CLANG_WARN_EMPTY_BODY = YES;
				CLANG_WARN_ENUM_CONVERSION = YES;
				CLANG_WARN_INFINITE_RECURSION = YES;
				CLANG_WARN_INT_CONVERSION = YES;
				CLANG_WARN_NON_LITERAL_NULL_CONVERSION = YES;
				CLANG_WARN_OBJC_IMPLICIT_RETAIN_SELF = YES;
				CLANG_WARN_OBJC_LITERAL_CONVERSION = YES;
				CLANG_WARN_OBJC_ROOT_CLASS = YES_ERROR;
				CLANG_WARN_QUOTED_INCLUDE_IN_FRAMEWORK_HEADER = YES;
				CLANG_WARN_RANGE_LOOP_ANALYSIS = YES;
				CLANG_WARN_STRICT_PROTOTYPES = YES;
				CLANG_WARN_SUSPICIOUS_MOVE = YES;
				CLANG_WARN_UNGUARDED_AVAILABILITY = YES_AGGRESSIVE;
				CLANG_WARN_UNREACHABLE_CODE = YES;
				CLANG_WARN__DUPLICATE_METHOD_MATCH = YES;
				COPY_PHASE_STRIP = NO;
				DEBUG_INFORMATION_FORMAT = dwarf;
				ENABLE_STRICT_OBJC_MSGSEND = YES;
				ENABLE_TESTABILITY = YES;
				GCC_C_LANGUAGE_STANDARD = gnu11;
				GCC_DYNAMIC_NO_PIC = NO;
				GCC_NO_COMMON_BLOCKS = YES;
				GCC_OPTIMIZATION_LEVEL = 0;
				GCC_PREPROCESSOR_DEFINITIONS = (
					"DEBUG=1",
					"$(inherited)",
				);
				GCC_WARN_64_TO_32_BIT_CONVERSION = YES;
				GCC_WARN_ABOUT_RETURN_TYPE = YES_ERROR;
				GCC_WARN_UNDECLARED_SELECTOR = YES;
				GCC_WARN_UNINITIALIZED_AUTOS = YES_AGGRESSIVE;
				GCC_WARN_UNUSED_FUNCTION = YES;
				GCC_WARN_UNUSED_VARIABLE = YES;
				IPHONEOS_DEPLOYMENT_TARGET = 13.0;
				MTL_ENABLE_DEBUG_INFO = INCLUDE_SOURCE;
				MTL_FAST_MATH = YES;
				ONLY_ACTIVE_ARCH = YES;
				SDKROOT = iphoneos;
				SWIFT_ACTIVE_COMPILATION_CONDITIONS = DEBUG;
				SWIFT_OPTIMIZATION_LEVEL = "-Onone";
			};
			name = "Debug-Mock";
		};
		4C288FB125B611EA004D54AC /* Debug-Mock */ = {
			isa = XCBuildConfiguration;
			baseConfigurationReference = 4C288FBA25B612F0004D54AC /* MOCK.xcconfig */;
			buildSettings = {
				ASSETCATALOG_COMPILER_APPICON_NAME = AppIcon;
				ASSETCATALOG_COMPILER_GLOBAL_ACCENT_COLOR_NAME = AccentColor;
				ASSETCATALOG_COMPILER_INCLUDE_ALL_APPICON_ASSETS = YES;
				CODE_SIGN_STYLE = Automatic;
				DEVELOPMENT_TEAM = 9ZVHDWC4WU;
				INFOPLIST_FILE = Builder/Info.plist;
				IPHONEOS_DEPLOYMENT_TARGET = 13.0;
				LD_RUNPATH_SEARCH_PATHS = (
					"$(inherited)",
					"@executable_path/Frameworks",
				);
				PRODUCT_BUNDLE_IDENTIFIER = "com.hmlong.Builder$(BUNDLE_SUFFIX)";
				PRODUCT_NAME = "$(TARGET_NAME)";
				SWIFT_ACTIVE_COMPILATION_CONDITIONS = "DEBUG MOCK";
				SWIFT_VERSION = 5.0;
				TARGETED_DEVICE_FAMILY = "1,2";
			};
			name = "Debug-Mock";
		};
		4C288FB225B611EA004D54AC /* Debug-Mock */ = {
			isa = XCBuildConfiguration;
			baseConfigurationReference = 4C288FBA25B612F0004D54AC /* MOCK.xcconfig */;
			buildSettings = {
				ALWAYS_EMBED_SWIFT_STANDARD_LIBRARIES = YES;
				BUNDLE_LOADER = "$(TEST_HOST)";
				CODE_SIGN_STYLE = Automatic;
				DEVELOPMENT_TEAM = 9ZVHDWC4WU;
				INFOPLIST_FILE = BuilderTests/Info.plist;
				IPHONEOS_DEPLOYMENT_TARGET = 14.2;
				LD_RUNPATH_SEARCH_PATHS = (
					"$(inherited)",
					"@executable_path/Frameworks",
					"@loader_path/Frameworks",
				);
				PRODUCT_BUNDLE_IDENTIFIER = com.hmlong.BuilderTests;
				PRODUCT_NAME = "$(TARGET_NAME)";
				SWIFT_ACTIVE_COMPILATION_CONDITIONS = "DEBUG MOCK";
				SWIFT_VERSION = 5.0;
				TARGETED_DEVICE_FAMILY = "1,2";
				TEST_HOST = "$(BUILT_PRODUCTS_DIR)/Builder.app/Builder";
			};
			name = "Debug-Mock";
		};
		4C288FB325B611EA004D54AC /* Debug-Mock */ = {
			isa = XCBuildConfiguration;
			baseConfigurationReference = 4C288FBA25B612F0004D54AC /* MOCK.xcconfig */;
			buildSettings = {
				ALWAYS_EMBED_SWIFT_STANDARD_LIBRARIES = YES;
				CODE_SIGN_STYLE = Automatic;
				DEVELOPMENT_TEAM = 9ZVHDWC4WU;
				INFOPLIST_FILE = BuilderUITests/Info.plist;
				LD_RUNPATH_SEARCH_PATHS = (
					"$(inherited)",
					"@executable_path/Frameworks",
					"@loader_path/Frameworks",
				);
				PRODUCT_BUNDLE_IDENTIFIER = com.hmlong.BuilderUITests;
				PRODUCT_NAME = "$(TARGET_NAME)";
				SWIFT_VERSION = 5.0;
				TARGETED_DEVICE_FAMILY = "1,2";
				TEST_TARGET_NAME = Builder;
			};
			name = "Debug-Mock";
		};
		4C288FB425B61206004D54AC /* Release-Mock */ = {
			isa = XCBuildConfiguration;
			baseConfigurationReference = 4C288FBA25B612F0004D54AC /* MOCK.xcconfig */;
			buildSettings = {
				ALWAYS_SEARCH_USER_PATHS = NO;
				CLANG_ANALYZER_NONNULL = YES;
				CLANG_ANALYZER_NUMBER_OBJECT_CONVERSION = YES_AGGRESSIVE;
				CLANG_CXX_LANGUAGE_STANDARD = "gnu++14";
				CLANG_CXX_LIBRARY = "libc++";
				CLANG_ENABLE_MODULES = YES;
				CLANG_ENABLE_OBJC_ARC = YES;
				CLANG_ENABLE_OBJC_WEAK = YES;
				CLANG_WARN_BLOCK_CAPTURE_AUTORELEASING = YES;
				CLANG_WARN_BOOL_CONVERSION = YES;
				CLANG_WARN_COMMA = YES;
				CLANG_WARN_CONSTANT_CONVERSION = YES;
				CLANG_WARN_DEPRECATED_OBJC_IMPLEMENTATIONS = YES;
				CLANG_WARN_DIRECT_OBJC_ISA_USAGE = YES_ERROR;
				CLANG_WARN_DOCUMENTATION_COMMENTS = YES;
				CLANG_WARN_EMPTY_BODY = YES;
				CLANG_WARN_ENUM_CONVERSION = YES;
				CLANG_WARN_INFINITE_RECURSION = YES;
				CLANG_WARN_INT_CONVERSION = YES;
				CLANG_WARN_NON_LITERAL_NULL_CONVERSION = YES;
				CLANG_WARN_OBJC_IMPLICIT_RETAIN_SELF = YES;
				CLANG_WARN_OBJC_LITERAL_CONVERSION = YES;
				CLANG_WARN_OBJC_ROOT_CLASS = YES_ERROR;
				CLANG_WARN_QUOTED_INCLUDE_IN_FRAMEWORK_HEADER = YES;
				CLANG_WARN_RANGE_LOOP_ANALYSIS = YES;
				CLANG_WARN_STRICT_PROTOTYPES = YES;
				CLANG_WARN_SUSPICIOUS_MOVE = YES;
				CLANG_WARN_UNGUARDED_AVAILABILITY = YES_AGGRESSIVE;
				CLANG_WARN_UNREACHABLE_CODE = YES;
				CLANG_WARN__DUPLICATE_METHOD_MATCH = YES;
				COPY_PHASE_STRIP = NO;
				DEBUG_INFORMATION_FORMAT = "dwarf-with-dsym";
				ENABLE_NS_ASSERTIONS = NO;
				ENABLE_STRICT_OBJC_MSGSEND = YES;
				GCC_C_LANGUAGE_STANDARD = gnu11;
				GCC_NO_COMMON_BLOCKS = YES;
				GCC_WARN_64_TO_32_BIT_CONVERSION = YES;
				GCC_WARN_ABOUT_RETURN_TYPE = YES_ERROR;
				GCC_WARN_UNDECLARED_SELECTOR = YES;
				GCC_WARN_UNINITIALIZED_AUTOS = YES_AGGRESSIVE;
				GCC_WARN_UNUSED_FUNCTION = YES;
				GCC_WARN_UNUSED_VARIABLE = YES;
				IPHONEOS_DEPLOYMENT_TARGET = 13.0;
				MTL_ENABLE_DEBUG_INFO = NO;
				MTL_FAST_MATH = YES;
				SDKROOT = iphoneos;
				SWIFT_COMPILATION_MODE = wholemodule;
				SWIFT_OPTIMIZATION_LEVEL = "-O";
				VALIDATE_PRODUCT = YES;
			};
			name = "Release-Mock";
		};
		4C288FB525B61206004D54AC /* Release-Mock */ = {
			isa = XCBuildConfiguration;
			baseConfigurationReference = 4C288FBA25B612F0004D54AC /* MOCK.xcconfig */;
			buildSettings = {
				ASSETCATALOG_COMPILER_APPICON_NAME = AppIcon;
				ASSETCATALOG_COMPILER_GLOBAL_ACCENT_COLOR_NAME = AccentColor;
				ASSETCATALOG_COMPILER_INCLUDE_ALL_APPICON_ASSETS = YES;
				CODE_SIGN_STYLE = Automatic;
				DEVELOPMENT_TEAM = 9ZVHDWC4WU;
				INFOPLIST_FILE = Builder/Info.plist;
				IPHONEOS_DEPLOYMENT_TARGET = 13.0;
				LD_RUNPATH_SEARCH_PATHS = (
					"$(inherited)",
					"@executable_path/Frameworks",
				);
				PRODUCT_BUNDLE_IDENTIFIER = "com.hmlong.Builder$(BUNDLE_SUFFIX)";
				PRODUCT_NAME = "$(TARGET_NAME)";
				SWIFT_ACTIVE_COMPILATION_CONDITIONS = MOCK;
				SWIFT_VERSION = 5.0;
				TARGETED_DEVICE_FAMILY = "1,2";
			};
			name = "Release-Mock";
		};
		4C288FB625B61206004D54AC /* Release-Mock */ = {
			isa = XCBuildConfiguration;
			baseConfigurationReference = 4C288FBA25B612F0004D54AC /* MOCK.xcconfig */;
			buildSettings = {
				ALWAYS_EMBED_SWIFT_STANDARD_LIBRARIES = YES;
				BUNDLE_LOADER = "$(TEST_HOST)";
				CODE_SIGN_STYLE = Automatic;
				DEVELOPMENT_TEAM = 9ZVHDWC4WU;
				INFOPLIST_FILE = BuilderTests/Info.plist;
				IPHONEOS_DEPLOYMENT_TARGET = 14.2;
				LD_RUNPATH_SEARCH_PATHS = (
					"$(inherited)",
					"@executable_path/Frameworks",
					"@loader_path/Frameworks",
				);
				PRODUCT_BUNDLE_IDENTIFIER = com.hmlong.BuilderTests;
				PRODUCT_NAME = "$(TARGET_NAME)";
				SWIFT_ACTIVE_COMPILATION_CONDITIONS = MOCK;
				SWIFT_VERSION = 5.0;
				TARGETED_DEVICE_FAMILY = "1,2";
				TEST_HOST = "$(BUILT_PRODUCTS_DIR)/Builder.app/Builder";
			};
			name = "Release-Mock";
		};
		4C288FB725B61206004D54AC /* Release-Mock */ = {
			isa = XCBuildConfiguration;
			baseConfigurationReference = 4C288FBA25B612F0004D54AC /* MOCK.xcconfig */;
			buildSettings = {
				ALWAYS_EMBED_SWIFT_STANDARD_LIBRARIES = YES;
				CODE_SIGN_STYLE = Automatic;
				DEVELOPMENT_TEAM = 9ZVHDWC4WU;
				INFOPLIST_FILE = BuilderUITests/Info.plist;
				LD_RUNPATH_SEARCH_PATHS = (
					"$(inherited)",
					"@executable_path/Frameworks",
					"@loader_path/Frameworks",
				);
				PRODUCT_BUNDLE_IDENTIFIER = com.hmlong.BuilderUITests;
				PRODUCT_NAME = "$(TARGET_NAME)";
				SWIFT_VERSION = 5.0;
				TARGETED_DEVICE_FAMILY = "1,2";
				TEST_TARGET_NAME = Builder;
			};
			name = "Release-Mock";
		};
		4C9CC38925B4F079002BE06D /* Debug */ = {
			isa = XCBuildConfiguration;
			baseConfigurationReference = 4C288FB925B612DD004D54AC /* API.xcconfig */;
			buildSettings = {
				ALWAYS_SEARCH_USER_PATHS = NO;
				CLANG_ANALYZER_NONNULL = YES;
				CLANG_ANALYZER_NUMBER_OBJECT_CONVERSION = YES_AGGRESSIVE;
				CLANG_CXX_LANGUAGE_STANDARD = "gnu++14";
				CLANG_CXX_LIBRARY = "libc++";
				CLANG_ENABLE_MODULES = YES;
				CLANG_ENABLE_OBJC_ARC = YES;
				CLANG_ENABLE_OBJC_WEAK = YES;
				CLANG_WARN_BLOCK_CAPTURE_AUTORELEASING = YES;
				CLANG_WARN_BOOL_CONVERSION = YES;
				CLANG_WARN_COMMA = YES;
				CLANG_WARN_CONSTANT_CONVERSION = YES;
				CLANG_WARN_DEPRECATED_OBJC_IMPLEMENTATIONS = YES;
				CLANG_WARN_DIRECT_OBJC_ISA_USAGE = YES_ERROR;
				CLANG_WARN_DOCUMENTATION_COMMENTS = YES;
				CLANG_WARN_EMPTY_BODY = YES;
				CLANG_WARN_ENUM_CONVERSION = YES;
				CLANG_WARN_INFINITE_RECURSION = YES;
				CLANG_WARN_INT_CONVERSION = YES;
				CLANG_WARN_NON_LITERAL_NULL_CONVERSION = YES;
				CLANG_WARN_OBJC_IMPLICIT_RETAIN_SELF = YES;
				CLANG_WARN_OBJC_LITERAL_CONVERSION = YES;
				CLANG_WARN_OBJC_ROOT_CLASS = YES_ERROR;
				CLANG_WARN_QUOTED_INCLUDE_IN_FRAMEWORK_HEADER = YES;
				CLANG_WARN_RANGE_LOOP_ANALYSIS = YES;
				CLANG_WARN_STRICT_PROTOTYPES = YES;
				CLANG_WARN_SUSPICIOUS_MOVE = YES;
				CLANG_WARN_UNGUARDED_AVAILABILITY = YES_AGGRESSIVE;
				CLANG_WARN_UNREACHABLE_CODE = YES;
				CLANG_WARN__DUPLICATE_METHOD_MATCH = YES;
				COPY_PHASE_STRIP = NO;
				DEBUG_INFORMATION_FORMAT = dwarf;
				ENABLE_STRICT_OBJC_MSGSEND = YES;
				ENABLE_TESTABILITY = YES;
				GCC_C_LANGUAGE_STANDARD = gnu11;
				GCC_DYNAMIC_NO_PIC = NO;
				GCC_NO_COMMON_BLOCKS = YES;
				GCC_OPTIMIZATION_LEVEL = 0;
				GCC_PREPROCESSOR_DEFINITIONS = (
					"DEBUG=1",
					"$(inherited)",
				);
				GCC_WARN_64_TO_32_BIT_CONVERSION = YES;
				GCC_WARN_ABOUT_RETURN_TYPE = YES_ERROR;
				GCC_WARN_UNDECLARED_SELECTOR = YES;
				GCC_WARN_UNINITIALIZED_AUTOS = YES_AGGRESSIVE;
				GCC_WARN_UNUSED_FUNCTION = YES;
				GCC_WARN_UNUSED_VARIABLE = YES;
				IPHONEOS_DEPLOYMENT_TARGET = 13.0;
				MTL_ENABLE_DEBUG_INFO = INCLUDE_SOURCE;
				MTL_FAST_MATH = YES;
				ONLY_ACTIVE_ARCH = YES;
				SDKROOT = iphoneos;
				SWIFT_ACTIVE_COMPILATION_CONDITIONS = DEBUG;
				SWIFT_OPTIMIZATION_LEVEL = "-Onone";
			};
			name = Debug;
		};
		4C9CC38A25B4F079002BE06D /* Release */ = {
			isa = XCBuildConfiguration;
			baseConfigurationReference = 4C288FB925B612DD004D54AC /* API.xcconfig */;
			buildSettings = {
				ALWAYS_SEARCH_USER_PATHS = NO;
				CLANG_ANALYZER_NONNULL = YES;
				CLANG_ANALYZER_NUMBER_OBJECT_CONVERSION = YES_AGGRESSIVE;
				CLANG_CXX_LANGUAGE_STANDARD = "gnu++14";
				CLANG_CXX_LIBRARY = "libc++";
				CLANG_ENABLE_MODULES = YES;
				CLANG_ENABLE_OBJC_ARC = YES;
				CLANG_ENABLE_OBJC_WEAK = YES;
				CLANG_WARN_BLOCK_CAPTURE_AUTORELEASING = YES;
				CLANG_WARN_BOOL_CONVERSION = YES;
				CLANG_WARN_COMMA = YES;
				CLANG_WARN_CONSTANT_CONVERSION = YES;
				CLANG_WARN_DEPRECATED_OBJC_IMPLEMENTATIONS = YES;
				CLANG_WARN_DIRECT_OBJC_ISA_USAGE = YES_ERROR;
				CLANG_WARN_DOCUMENTATION_COMMENTS = YES;
				CLANG_WARN_EMPTY_BODY = YES;
				CLANG_WARN_ENUM_CONVERSION = YES;
				CLANG_WARN_INFINITE_RECURSION = YES;
				CLANG_WARN_INT_CONVERSION = YES;
				CLANG_WARN_NON_LITERAL_NULL_CONVERSION = YES;
				CLANG_WARN_OBJC_IMPLICIT_RETAIN_SELF = YES;
				CLANG_WARN_OBJC_LITERAL_CONVERSION = YES;
				CLANG_WARN_OBJC_ROOT_CLASS = YES_ERROR;
				CLANG_WARN_QUOTED_INCLUDE_IN_FRAMEWORK_HEADER = YES;
				CLANG_WARN_RANGE_LOOP_ANALYSIS = YES;
				CLANG_WARN_STRICT_PROTOTYPES = YES;
				CLANG_WARN_SUSPICIOUS_MOVE = YES;
				CLANG_WARN_UNGUARDED_AVAILABILITY = YES_AGGRESSIVE;
				CLANG_WARN_UNREACHABLE_CODE = YES;
				CLANG_WARN__DUPLICATE_METHOD_MATCH = YES;
				COPY_PHASE_STRIP = NO;
				DEBUG_INFORMATION_FORMAT = "dwarf-with-dsym";
				ENABLE_NS_ASSERTIONS = NO;
				ENABLE_STRICT_OBJC_MSGSEND = YES;
				GCC_C_LANGUAGE_STANDARD = gnu11;
				GCC_NO_COMMON_BLOCKS = YES;
				GCC_WARN_64_TO_32_BIT_CONVERSION = YES;
				GCC_WARN_ABOUT_RETURN_TYPE = YES_ERROR;
				GCC_WARN_UNDECLARED_SELECTOR = YES;
				GCC_WARN_UNINITIALIZED_AUTOS = YES_AGGRESSIVE;
				GCC_WARN_UNUSED_FUNCTION = YES;
				GCC_WARN_UNUSED_VARIABLE = YES;
				IPHONEOS_DEPLOYMENT_TARGET = 13.0;
				MTL_ENABLE_DEBUG_INFO = NO;
				MTL_FAST_MATH = YES;
				SDKROOT = iphoneos;
				SWIFT_COMPILATION_MODE = wholemodule;
				SWIFT_OPTIMIZATION_LEVEL = "-O";
				VALIDATE_PRODUCT = YES;
			};
			name = Release;
		};
		4C9CC38C25B4F079002BE06D /* Debug */ = {
			isa = XCBuildConfiguration;
			baseConfigurationReference = 4C288FB925B612DD004D54AC /* API.xcconfig */;
			buildSettings = {
				ASSETCATALOG_COMPILER_APPICON_NAME = AppIcon;
				ASSETCATALOG_COMPILER_GLOBAL_ACCENT_COLOR_NAME = AccentColor;
				ASSETCATALOG_COMPILER_INCLUDE_ALL_APPICON_ASSETS = YES;
				CODE_SIGN_STYLE = Automatic;
				DEVELOPMENT_TEAM = 9ZVHDWC4WU;
				INFOPLIST_FILE = Builder/Info.plist;
				IPHONEOS_DEPLOYMENT_TARGET = 13.0;
				LD_RUNPATH_SEARCH_PATHS = (
					"$(inherited)",
					"@executable_path/Frameworks",
				);
				PRODUCT_BUNDLE_IDENTIFIER = "com.hmlong.Builder$(BUNDLE_SUFFIX)";
				PRODUCT_NAME = "$(TARGET_NAME)";
				SWIFT_VERSION = 5.0;
				TARGETED_DEVICE_FAMILY = "1,2";
			};
			name = Debug;
		};
		4C9CC38D25B4F079002BE06D /* Release */ = {
			isa = XCBuildConfiguration;
			baseConfigurationReference = 4C288FB925B612DD004D54AC /* API.xcconfig */;
			buildSettings = {
				ASSETCATALOG_COMPILER_APPICON_NAME = AppIcon;
				ASSETCATALOG_COMPILER_GLOBAL_ACCENT_COLOR_NAME = AccentColor;
				ASSETCATALOG_COMPILER_INCLUDE_ALL_APPICON_ASSETS = YES;
				CODE_SIGN_STYLE = Automatic;
				DEVELOPMENT_TEAM = 9ZVHDWC4WU;
				INFOPLIST_FILE = Builder/Info.plist;
				IPHONEOS_DEPLOYMENT_TARGET = 13.0;
				LD_RUNPATH_SEARCH_PATHS = (
					"$(inherited)",
					"@executable_path/Frameworks",
				);
				PRODUCT_BUNDLE_IDENTIFIER = "com.hmlong.Builder$(BUNDLE_SUFFIX)";
				PRODUCT_NAME = "$(TARGET_NAME)";
				SWIFT_VERSION = 5.0;
				TARGETED_DEVICE_FAMILY = "1,2";
			};
			name = Release;
		};
		4C9CC38F25B4F079002BE06D /* Debug */ = {
			isa = XCBuildConfiguration;
			baseConfigurationReference = 4C288FB925B612DD004D54AC /* API.xcconfig */;
			buildSettings = {
				ALWAYS_EMBED_SWIFT_STANDARD_LIBRARIES = YES;
				BUNDLE_LOADER = "$(TEST_HOST)";
				CODE_SIGN_STYLE = Automatic;
				DEVELOPMENT_TEAM = 9ZVHDWC4WU;
				INFOPLIST_FILE = BuilderTests/Info.plist;
				IPHONEOS_DEPLOYMENT_TARGET = 14.2;
				LD_RUNPATH_SEARCH_PATHS = (
					"$(inherited)",
					"@executable_path/Frameworks",
					"@loader_path/Frameworks",
				);
				PRODUCT_BUNDLE_IDENTIFIER = com.hmlong.BuilderTests;
				PRODUCT_NAME = "$(TARGET_NAME)";
				SWIFT_VERSION = 5.0;
				TARGETED_DEVICE_FAMILY = "1,2";
				TEST_HOST = "$(BUILT_PRODUCTS_DIR)/Builder.app/Builder";
			};
			name = Debug;
		};
		4C9CC39025B4F079002BE06D /* Release */ = {
			isa = XCBuildConfiguration;
			baseConfigurationReference = 4C288FB925B612DD004D54AC /* API.xcconfig */;
			buildSettings = {
				ALWAYS_EMBED_SWIFT_STANDARD_LIBRARIES = YES;
				BUNDLE_LOADER = "$(TEST_HOST)";
				CODE_SIGN_STYLE = Automatic;
				DEVELOPMENT_TEAM = 9ZVHDWC4WU;
				INFOPLIST_FILE = BuilderTests/Info.plist;
				IPHONEOS_DEPLOYMENT_TARGET = 14.2;
				LD_RUNPATH_SEARCH_PATHS = (
					"$(inherited)",
					"@executable_path/Frameworks",
					"@loader_path/Frameworks",
				);
				PRODUCT_BUNDLE_IDENTIFIER = com.hmlong.BuilderTests;
				PRODUCT_NAME = "$(TARGET_NAME)";
				SWIFT_VERSION = 5.0;
				TARGETED_DEVICE_FAMILY = "1,2";
				TEST_HOST = "$(BUILT_PRODUCTS_DIR)/Builder.app/Builder";
			};
			name = Release;
		};
		4C9CC39225B4F079002BE06D /* Debug */ = {
			isa = XCBuildConfiguration;
			baseConfigurationReference = 4C288FB925B612DD004D54AC /* API.xcconfig */;
			buildSettings = {
				ALWAYS_EMBED_SWIFT_STANDARD_LIBRARIES = YES;
				CODE_SIGN_STYLE = Automatic;
				DEVELOPMENT_TEAM = 9ZVHDWC4WU;
				INFOPLIST_FILE = BuilderUITests/Info.plist;
				LD_RUNPATH_SEARCH_PATHS = (
					"$(inherited)",
					"@executable_path/Frameworks",
					"@loader_path/Frameworks",
				);
				PRODUCT_BUNDLE_IDENTIFIER = com.hmlong.BuilderUITests;
				PRODUCT_NAME = "$(TARGET_NAME)";
				SWIFT_VERSION = 5.0;
				TARGETED_DEVICE_FAMILY = "1,2";
				TEST_TARGET_NAME = Builder;
			};
			name = Debug;
		};
		4C9CC39325B4F079002BE06D /* Release */ = {
			isa = XCBuildConfiguration;
			baseConfigurationReference = 4C288FB925B612DD004D54AC /* API.xcconfig */;
			buildSettings = {
				ALWAYS_EMBED_SWIFT_STANDARD_LIBRARIES = YES;
				CODE_SIGN_STYLE = Automatic;
				DEVELOPMENT_TEAM = 9ZVHDWC4WU;
				INFOPLIST_FILE = BuilderUITests/Info.plist;
				LD_RUNPATH_SEARCH_PATHS = (
					"$(inherited)",
					"@executable_path/Frameworks",
					"@loader_path/Frameworks",
				);
				PRODUCT_BUNDLE_IDENTIFIER = com.hmlong.BuilderUITests;
				PRODUCT_NAME = "$(TARGET_NAME)";
				SWIFT_VERSION = 5.0;
				TARGETED_DEVICE_FAMILY = "1,2";
				TEST_TARGET_NAME = Builder;
			};
			name = Release;
		};
/* End XCBuildConfiguration section */

/* Begin XCConfigurationList section */
		4C9CC35C25B4F078002BE06D /* Build configuration list for PBXProject "Builder" */ = {
			isa = XCConfigurationList;
			buildConfigurations = (
				4C9CC38925B4F079002BE06D /* Debug */,
				4C288FB025B611EA004D54AC /* Debug-Mock */,
				4C9CC38A25B4F079002BE06D /* Release */,
				4C288FB425B61206004D54AC /* Release-Mock */,
			);
			defaultConfigurationIsVisible = 0;
			defaultConfigurationName = Release;
		};
		4C9CC38B25B4F079002BE06D /* Build configuration list for PBXNativeTarget "Builder" */ = {
			isa = XCConfigurationList;
			buildConfigurations = (
				4C9CC38C25B4F079002BE06D /* Debug */,
				4C288FB125B611EA004D54AC /* Debug-Mock */,
				4C9CC38D25B4F079002BE06D /* Release */,
				4C288FB525B61206004D54AC /* Release-Mock */,
			);
			defaultConfigurationIsVisible = 0;
			defaultConfigurationName = Release;
		};
		4C9CC38E25B4F079002BE06D /* Build configuration list for PBXNativeTarget "BuilderTests" */ = {
			isa = XCConfigurationList;
			buildConfigurations = (
				4C9CC38F25B4F079002BE06D /* Debug */,
				4C288FB225B611EA004D54AC /* Debug-Mock */,
				4C9CC39025B4F079002BE06D /* Release */,
				4C288FB625B61206004D54AC /* Release-Mock */,
			);
			defaultConfigurationIsVisible = 0;
			defaultConfigurationName = Release;
		};
		4C9CC39125B4F079002BE06D /* Build configuration list for PBXNativeTarget "BuilderUITests" */ = {
			isa = XCConfigurationList;
			buildConfigurations = (
				4C9CC39225B4F079002BE06D /* Debug */,
				4C288FB325B611EA004D54AC /* Debug-Mock */,
				4C9CC39325B4F079002BE06D /* Release */,
				4C288FB725B61206004D54AC /* Release-Mock */,
			);
			defaultConfigurationIsVisible = 0;
			defaultConfigurationName = Release;
		};
/* End XCConfigurationList section */

/* Begin XCRemoteSwiftPackageReference section */
		4C2D811825E4087B00E2EBD7 /* XCRemoteSwiftPackageReference "Resolver" */ = {
			isa = XCRemoteSwiftPackageReference;
			repositoryURL = "https://github.com/hmlongco/Resolver.git";
			requirement = {
				kind = upToNextMajorVersion;
				minimumVersion = 1.4.0;
			};
		};
		4C2D811E25E408B300E2EBD7 /* XCRemoteSwiftPackageReference "RxSwift" */ = {
			isa = XCRemoteSwiftPackageReference;
			repositoryURL = "https://github.com/ReactiveX/RxSwift.git";
			requirement = {
				kind = upToNextMajorVersion;
				minimumVersion = 6.1.0;
			};
		};
/* End XCRemoteSwiftPackageReference section */

/* Begin XCSwiftPackageProductDependency section */
		4C2D811925E4087B00E2EBD7 /* Resolver */ = {
			isa = XCSwiftPackageProductDependency;
			package = 4C2D811825E4087B00E2EBD7 /* XCRemoteSwiftPackageReference "Resolver" */;
			productName = Resolver;
		};
		4C2D811F25E408B300E2EBD7 /* RxSwift */ = {
			isa = XCSwiftPackageProductDependency;
			package = 4C2D811E25E408B300E2EBD7 /* XCRemoteSwiftPackageReference "RxSwift" */;
			productName = RxSwift;
		};
		4C2D812325E408B300E2EBD7 /* RxRelay */ = {
			isa = XCSwiftPackageProductDependency;
			package = 4C2D811E25E408B300E2EBD7 /* XCRemoteSwiftPackageReference "RxSwift" */;
			productName = RxRelay;
		};
		4C2D812525E408B300E2EBD7 /* RxCocoa */ = {
			isa = XCSwiftPackageProductDependency;
			package = 4C2D811E25E408B300E2EBD7 /* XCRemoteSwiftPackageReference "RxSwift" */;
			productName = RxCocoa;
		};
/* End XCSwiftPackageProductDependency section */
	};
	rootObject = 4C9CC35925B4F078002BE06D /* Project object */;
}
